
Microsoft Visual Studio Solution File, Format Version 12.00
# Visual Studio Version 17
VisualStudioVersion = 17.7.33808.371
MinimumVisualStudioVersion = 10.0.40219.1
Project("{FAE04EC0-301F-11D3-BF4B-00C04F79EFBC}") = "Q01-Button", "Q01-Button\Q01-Button.csproj", "{16B09E6F-730C-40DA-B153-128C3E30DB64}"
EndProject
Project("{FAE04EC0-301F-11D3-BF4B-00C04F79EFBC}") = "Q21-JumpAndGrav", "Q21-JumpAndGrav\Q21-JumpAndGrav.csproj", "{248DF199-70CC-4321-BA6E-050F2A5BDA90}"
EndProject
Project("{FAE04EC0-301F-11D3-BF4B-00C04F79EFBC}") = "MonoGame.Framework.WindowsUAP", "MonoGame\MonoGame.Framework\MonoGame.Framework.WindowsUAP.csproj", "{09C41A48-7BF3-4A46-9EB8-CE95B4C27CA9}"
EndProject
Project("{FAE04EC0-301F-11D3-BF4B-00C04F79EFBC}") = "Q02-ParallaxBackground", "Q02-ParallaxBackground\Q02-ParallaxBackground.csproj", "{F7B550C9-DA8D-4F2C-81D0-9BC4CD936563}"
EndProject
Project("{FAE04EC0-301F-11D3-BF4B-00C04F79EFBC}") = "Q03-ParticleSystem", "Q03-ParticleSystem\Q03-ParticleSystem.csproj", "{B3BD9A45-9FED-48CC-A7EC-A5AE8C5FD59B}"
EndProject
Project("{FAE04EC0-301F-11D3-BF4B-00C04F79EFBC}") = "Q04-SpritesheetAnimation", "Q04-SpritesheetAnimation\Q04-SpritesheetAnimation.csproj", "{7B6ABE7C-9B0D-407D-B7F8-146F61844882}"
EndProject
Project("{FAE04EC0-301F-11D3-BF4B-00C04F79EFBC}") = "Q05-IsometricTilemap", "Q05-IsometricTilemap\Q05-IsometricTilemap.csproj", "{8E16F929-C5F9-489F-B1DA-B3DA550B406C}"
EndProject
Project("{FAE04EC0-301F-11D3-BF4B-00C04F79EFBC}") = "Q06-MovementControl", "Q06-MovementControl\Q06-MovementControl.csproj", "{2905C29A-A52B-4919-972C-826C49E05467}"
EndProject
Project("{9A19103F-16F7-4668-BE54-9A1E7A4F7556}") = "Q07-MonoGameOnLinux", "Q07-MonoGameOnLinux\Q07-MonoGameOnLinux.csproj", "{88FAE337-8541-4C0E-BEC6-CF4C58170E38}"
EndProject
Project("{FAE04EC0-301F-11D3-BF4B-00C04F79EFBC}") = "Q08-BulletTime", "Q08-BulletTime\Q08-BulletTime.csproj", "{356FCFA2-8551-4ABB-8FEE-8D259F15824C}"
EndProject
Project("{FAE04EC0-301F-11D3-BF4B-00C04F79EFBC}") = "Q09-ProgressBar", "Q09-ProgressBar\Q09-ProgressBar.csproj", "{C71A278F-7990-4002-81BF-53908374F9ED}"
EndProject
Project("{FAE04EC0-301F-11D3-BF4B-00C04F79EFBC}") = "Q10-Timer", "Q10-Timer\Q10-Timer.csproj", "{F9B08938-9B7B-4E8E-BA4E-6A7CC5A44AAF}"
EndProject
Project("{FAE04EC0-301F-11D3-BF4B-00C04F79EFBC}") = "Q11-DragAndDrop", "Q11-DragAndDrop\Q11-DragAndDrop.csproj", "{4B33FC67-9676-4C7C-A4BB-9464C50069AA}"
EndProject
Project("{FAE04EC0-301F-11D3-BF4B-00C04F79EFBC}") = "Q12-BasicAIMovement", "Q12-BasicAIMovement\Q12-BasicAIMovement.csproj", "{B83612DB-71BF-4672-A567-B6D1AC3B1542}"
EndProject
Project("{FAE04EC0-301F-11D3-BF4B-00C04F79EFBC}") = "Q13-PixelShader", "Q13-PixelShader\Q13-PixelShader.csproj", "{1A86C24D-F640-4BA9-8D35-BFEB4F3F4EDE}"
EndProject
Project("{FAE04EC0-301F-11D3-BF4B-00C04F79EFBC}") = "Q14-CircleCollisions", "Q14-CircleCollisions\Q14-CircleCollisions.csproj", "{DE171890-B68C-43CF-A4DE-0468D176D640}"
EndProject
Project("{FAE04EC0-301F-11D3-BF4B-00C04F79EFBC}") = "Q15-TilemapAndCamera", "Q15-TilemapAndCamera\Q15-TilemapAndCamera.csproj", "{F6292E39-590D-4D17-9786-D8B85505B5A7}"
EndProject
Project("{FAE04EC0-301F-11D3-BF4B-00C04F79EFBC}") = "Q16-TilemapPathfinding", "Q16-TilemapPathfinding\Q16-TilemapPathfinding.csproj", "{2C0B0893-1C0B-4605-BB05-3B65028EADE6}"
EndProject
Project("{FAE04EC0-301F-11D3-BF4B-00C04F79EFBC}") = "Q17-ObserverDesignPattern", "Q17-ObserverDesignPattern\Q17-ObserverDesignPattern.csproj", "{B8EB9517-B929-4976-AB1D-3C8040038F93}"
EndProject
Project("{FAE04EC0-301F-11D3-BF4B-00C04F79EFBC}") = "Q18-PrototypeDesignPattern", "Q18-PrototypeDesignPattern\Q18-PrototypeDesignPattern.csproj", "{5CF99098-E6A0-4262-B2BF-047B899AB3EC}"
EndProject
Project("{FAE04EC0-301F-11D3-BF4B-00C04F79EFBC}") = "Q19-MovementTrail", "Q19-MovementTrail\Q19-MovementTrail.csproj", "{77935B1E-738C-44ED-9B6C-49D24F795FF0}"
EndProject
Project("{FAE04EC0-301F-11D3-BF4B-00C04F79EFBC}") = "Q20-RenderTarget2D", "Q20-RenderTarget2D\Q20-RenderTarget2D.csproj", "{67F00487-A0CB-43B6-BB1F-BC0B3AB704AB}"
EndProject
Project("{FAE04EC0-301F-11D3-BF4B-00C04F79EFBC}") = "P01-MemoryGame", "P01-MemoryGame\P01-MemoryGame.csproj", "{7818B762-93FD-46BA-A206-BC6127F637D6}"
EndProject
Project("{FAE04EC0-301F-11D3-BF4B-00C04F79EFBC}") = "P02-TopDownShooter", "P02-TopDownShooter\P02-TopDownShooter.csproj", "{659B6B9F-AB49-4215-B63D-F312DC5847C9}"
EndProject
Project("{FAE04EC0-301F-11D3-BF4B-00C04F79EFBC}") = "P03-Land", "P03-Land\P03-Land.csproj", "{A08B5FB4-2284-4A35-90B5-29298BCE7174}"
EndProject
Project("{FAE04EC0-301F-11D3-BF4B-00C04F79EFBC}") = "P04-Snake", "P04-Snake\P04-Snake.csproj", "{6F02370D-96A5-40EF-9C93-91A53EF85344}"
EndProject
Project("{FAE04EC0-301F-11D3-BF4B-00C04F79EFBC}") = "P05-MysticChronicles", "P05-MysticChronicles\P05-MysticChronicles.csproj", "{A1336E5C-9027-425D-8B34-1F81DBA981B6}"
EndProject
Project("{FAE04EC0-301F-11D3-BF4B-00C04F79EFBC}") = "P06-ChessGame", "P06-ChessGame\P06-ChessGame.csproj", "{C49F6943-5ADC-4478-B407-B25175BB5C05}"
EndProject
Project("{FAE04EC0-301F-11D3-BF4B-00C04F79EFBC}") = "P07-CombinationLock", "P07-CombinationLock\P07-CombinationLock.csproj", "{2716ECB5-5968-46AD-A7B7-59FA1B88FC6B}"
EndProject
Project("{FAE04EC0-301F-11D3-BF4B-00C04F79EFBC}") = "P08-DialPong", "P08-DialPong\P08-DialPong.csproj", "{B12A5F01-737D-4D0E-8962-E0AEF2AB83F9}"
EndProject
Project("{FAE04EC0-301F-11D3-BF4B-00C04F79EFBC}") = "P09-DinoEscape", "P09-DinoEscape\P09-DinoEscape.csproj", "{EC2B5298-CF9A-4785-AD64-F09C3FFD2047}"
EndProject
Project("{FAE04EC0-301F-11D3-BF4B-00C04F79EFBC}") = "P10-InfartGame", "P10-InfartGame\P10-InfartGame.csproj", "{C674855C-C3B1-481F-8B88-0EB4AA30DCCA}"
EndProject
Project("{FAE04EC0-301F-11D3-BF4B-00C04F79EFBC}") = "P11-NuPogodi", "P11-NuPogodi\P11-NuPogodi.csproj", "{87838199-376B-4736-A92E-7105862395B0}"
EndProject
Project("{FAE04EC0-301F-11D3-BF4B-00C04F79EFBC}") = "P12-Starfall", "P12-Starfall\P12-Starfall.csproj", "{F91A1D27-8B68-4C88-9E32-40533CC73E2A}"
EndProject
Project("{FAE04EC0-301F-11D3-BF4B-00C04F79EFBC}") = "FbonizziMonoGame", "FbonizziMonoGame\FbonizziMonoGame.csproj", "{7D2A5936-3AD5-4A7A-AA9C-AC269B2CF515}"
EndProject
Project("{FAE04EC0-301F-11D3-BF4B-00C04F79EFBC}") = "S01-Quiz", "S01-Quiz\S01-Quiz.csproj", "{71D84DF6-B0DC-443A-9AE7-36EA1785254A}"
EndProject
Project("{FAE04EC0-301F-11D3-BF4B-00C04F79EFBC}") = "S02-Contest", "S02-Contest\S02-Contest.csproj", "{B25F73D5-0907-481C-B82E-CDDC4EBF888F}"
EndProject
Project("{FAE04EC0-301F-11D3-BF4B-00C04F79EFBC}") = "P13-TowerDefense", "P13-TowerDefense\P13-TowerDefense.csproj", "{31A7046D-FE00-44B9-B3D6-976B08814B50}"
EndProject
Project("{FAE04EC0-301F-11D3-BF4B-00C04F79EFBC}") = "P14-InfiniMiner", "P14-InfiniMiner\P14-InfiniMiner.csproj", "{AD02CF97-017C-4B4D-B639-20C87BB88377}"
EndProject
Global
	GlobalSection(SolutionConfigurationPlatforms) = preSolution
		Debug|Any CPU = Debug|Any CPU
		Debug|ARM = Debug|ARM
		Debug|ARM64 = Debug|ARM64
		Debug|x64 = Debug|x64
		Debug|x86 = Debug|x86
		Release|Any CPU = Release|Any CPU
		Release|ARM = Release|ARM
		Release|ARM64 = Release|ARM64
		Release|x64 = Release|x64
		Release|x86 = Release|x86
	EndGlobalSection
	GlobalSection(ProjectConfigurationPlatforms) = postSolution
		{16B09E6F-730C-40DA-B153-128C3E30DB64}.Debug|Any CPU.ActiveCfg = Debug|x64
		{16B09E6F-730C-40DA-B153-128C3E30DB64}.Debug|Any CPU.Build.0 = Debug|x64
		{16B09E6F-730C-40DA-B153-128C3E30DB64}.Debug|Any CPU.Deploy.0 = Debug|x64
		{16B09E6F-730C-40DA-B153-128C3E30DB64}.Debug|ARM.ActiveCfg = Debug|ARM
		{16B09E6F-730C-40DA-B153-128C3E30DB64}.Debug|ARM.Build.0 = Debug|ARM
		{16B09E6F-730C-40DA-B153-128C3E30DB64}.Debug|ARM.Deploy.0 = Debug|ARM
		{16B09E6F-730C-40DA-B153-128C3E30DB64}.Debug|ARM64.ActiveCfg = Debug|x64
		{16B09E6F-730C-40DA-B153-128C3E30DB64}.Debug|x64.ActiveCfg = Debug|x64
		{16B09E6F-730C-40DA-B153-128C3E30DB64}.Debug|x64.Build.0 = Debug|x64
		{16B09E6F-730C-40DA-B153-128C3E30DB64}.Debug|x64.Deploy.0 = Debug|x64
		{16B09E6F-730C-40DA-B153-128C3E30DB64}.Debug|x86.ActiveCfg = Debug|x86
		{16B09E6F-730C-40DA-B153-128C3E30DB64}.Debug|x86.Build.0 = Debug|x86
		{16B09E6F-730C-40DA-B153-128C3E30DB64}.Debug|x86.Deploy.0 = Debug|x86
		{16B09E6F-730C-40DA-B153-128C3E30DB64}.Release|Any CPU.ActiveCfg = Release|x64
		{16B09E6F-730C-40DA-B153-128C3E30DB64}.Release|Any CPU.Build.0 = Release|x64
		{16B09E6F-730C-40DA-B153-128C3E30DB64}.Release|Any CPU.Deploy.0 = Release|x64
		{16B09E6F-730C-40DA-B153-128C3E30DB64}.Release|ARM.ActiveCfg = Release|ARM
		{16B09E6F-730C-40DA-B153-128C3E30DB64}.Release|ARM.Build.0 = Release|ARM
		{16B09E6F-730C-40DA-B153-128C3E30DB64}.Release|ARM.Deploy.0 = Release|ARM
		{16B09E6F-730C-40DA-B153-128C3E30DB64}.Release|ARM64.ActiveCfg = Release|x64
		{16B09E6F-730C-40DA-B153-128C3E30DB64}.Release|x64.ActiveCfg = Release|x64
		{16B09E6F-730C-40DA-B153-128C3E30DB64}.Release|x64.Build.0 = Release|x64
		{16B09E6F-730C-40DA-B153-128C3E30DB64}.Release|x64.Deploy.0 = Release|x64
		{16B09E6F-730C-40DA-B153-128C3E30DB64}.Release|x86.ActiveCfg = Release|x86
		{16B09E6F-730C-40DA-B153-128C3E30DB64}.Release|x86.Build.0 = Release|x86
		{16B09E6F-730C-40DA-B153-128C3E30DB64}.Release|x86.Deploy.0 = Release|x86
		{248DF199-70CC-4321-BA6E-050F2A5BDA90}.Debug|Any CPU.ActiveCfg = Debug|x64
		{248DF199-70CC-4321-BA6E-050F2A5BDA90}.Debug|Any CPU.Build.0 = Debug|x64
		{248DF199-70CC-4321-BA6E-050F2A5BDA90}.Debug|Any CPU.Deploy.0 = Debug|x64
		{248DF199-70CC-4321-BA6E-050F2A5BDA90}.Debug|ARM.ActiveCfg = Debug|ARM
		{248DF199-70CC-4321-BA6E-050F2A5BDA90}.Debug|ARM.Build.0 = Debug|ARM
		{248DF199-70CC-4321-BA6E-050F2A5BDA90}.Debug|ARM.Deploy.0 = Debug|ARM
		{248DF199-70CC-4321-BA6E-050F2A5BDA90}.Debug|ARM64.ActiveCfg = Debug|x64
		{248DF199-70CC-4321-BA6E-050F2A5BDA90}.Debug|x64.ActiveCfg = Debug|x64
		{248DF199-70CC-4321-BA6E-050F2A5BDA90}.Debug|x64.Build.0 = Debug|x64
		{248DF199-70CC-4321-BA6E-050F2A5BDA90}.Debug|x64.Deploy.0 = Debug|x64
		{248DF199-70CC-4321-BA6E-050F2A5BDA90}.Debug|x86.ActiveCfg = Debug|x86
		{248DF199-70CC-4321-BA6E-050F2A5BDA90}.Debug|x86.Build.0 = Debug|x86
		{248DF199-70CC-4321-BA6E-050F2A5BDA90}.Debug|x86.Deploy.0 = Debug|x86
		{248DF199-70CC-4321-BA6E-050F2A5BDA90}.Release|Any CPU.ActiveCfg = Release|x64
		{248DF199-70CC-4321-BA6E-050F2A5BDA90}.Release|Any CPU.Build.0 = Release|x64
		{248DF199-70CC-4321-BA6E-050F2A5BDA90}.Release|Any CPU.Deploy.0 = Release|x64
		{248DF199-70CC-4321-BA6E-050F2A5BDA90}.Release|ARM.ActiveCfg = Release|ARM
		{248DF199-70CC-4321-BA6E-050F2A5BDA90}.Release|ARM.Build.0 = Release|ARM
		{248DF199-70CC-4321-BA6E-050F2A5BDA90}.Release|ARM.Deploy.0 = Release|ARM
		{248DF199-70CC-4321-BA6E-050F2A5BDA90}.Release|ARM64.ActiveCfg = Release|x64
		{248DF199-70CC-4321-BA6E-050F2A5BDA90}.Release|x64.ActiveCfg = Release|x64
		{248DF199-70CC-4321-BA6E-050F2A5BDA90}.Release|x64.Build.0 = Release|x64
		{248DF199-70CC-4321-BA6E-050F2A5BDA90}.Release|x64.Deploy.0 = Release|x64
		{248DF199-70CC-4321-BA6E-050F2A5BDA90}.Release|x86.ActiveCfg = Release|x86
		{248DF199-70CC-4321-BA6E-050F2A5BDA90}.Release|x86.Build.0 = Release|x86
		{248DF199-70CC-4321-BA6E-050F2A5BDA90}.Release|x86.Deploy.0 = Release|x86
		{09C41A48-7BF3-4A46-9EB8-CE95B4C27CA9}.Debug|Any CPU.ActiveCfg = Debug|Any CPU
		{09C41A48-7BF3-4A46-9EB8-CE95B4C27CA9}.Debug|Any CPU.Build.0 = Debug|Any CPU
		{09C41A48-7BF3-4A46-9EB8-CE95B4C27CA9}.Debug|ARM.ActiveCfg = Debug|Any CPU
		{09C41A48-7BF3-4A46-9EB8-CE95B4C27CA9}.Debug|ARM.Build.0 = Debug|Any CPU
		{09C41A48-7BF3-4A46-9EB8-CE95B4C27CA9}.Debug|ARM64.ActiveCfg = Debug|Any CPU
		{09C41A48-7BF3-4A46-9EB8-CE95B4C27CA9}.Debug|ARM64.Build.0 = Debug|Any CPU
		{09C41A48-7BF3-4A46-9EB8-CE95B4C27CA9}.Debug|x64.ActiveCfg = Debug|Any CPU
		{09C41A48-7BF3-4A46-9EB8-CE95B4C27CA9}.Debug|x64.Build.0 = Debug|Any CPU
		{09C41A48-7BF3-4A46-9EB8-CE95B4C27CA9}.Debug|x86.ActiveCfg = Debug|Any CPU
		{09C41A48-7BF3-4A46-9EB8-CE95B4C27CA9}.Debug|x86.Build.0 = Debug|Any CPU
		{09C41A48-7BF3-4A46-9EB8-CE95B4C27CA9}.Release|Any CPU.ActiveCfg = Release|Any CPU
		{09C41A48-7BF3-4A46-9EB8-CE95B4C27CA9}.Release|Any CPU.Build.0 = Release|Any CPU
		{09C41A48-7BF3-4A46-9EB8-CE95B4C27CA9}.Release|ARM.ActiveCfg = Release|Any CPU
		{09C41A48-7BF3-4A46-9EB8-CE95B4C27CA9}.Release|ARM.Build.0 = Release|Any CPU
		{09C41A48-7BF3-4A46-9EB8-CE95B4C27CA9}.Release|ARM64.ActiveCfg = Release|Any CPU
		{09C41A48-7BF3-4A46-9EB8-CE95B4C27CA9}.Release|ARM64.Build.0 = Release|Any CPU
		{09C41A48-7BF3-4A46-9EB8-CE95B4C27CA9}.Release|x64.ActiveCfg = Release|Any CPU
		{09C41A48-7BF3-4A46-9EB8-CE95B4C27CA9}.Release|x64.Build.0 = Release|Any CPU
		{09C41A48-7BF3-4A46-9EB8-CE95B4C27CA9}.Release|x86.ActiveCfg = Release|Any CPU
		{09C41A48-7BF3-4A46-9EB8-CE95B4C27CA9}.Release|x86.Build.0 = Release|Any CPU
		{F7B550C9-DA8D-4F2C-81D0-9BC4CD936563}.Debug|Any CPU.ActiveCfg = Debug|x64
		{F7B550C9-DA8D-4F2C-81D0-9BC4CD936563}.Debug|Any CPU.Build.0 = Debug|x64
		{F7B550C9-DA8D-4F2C-81D0-9BC4CD936563}.Debug|Any CPU.Deploy.0 = Debug|x64
		{F7B550C9-DA8D-4F2C-81D0-9BC4CD936563}.Debug|ARM.ActiveCfg = Debug|ARM
		{F7B550C9-DA8D-4F2C-81D0-9BC4CD936563}.Debug|ARM.Build.0 = Debug|ARM
		{F7B550C9-DA8D-4F2C-81D0-9BC4CD936563}.Debug|ARM.Deploy.0 = Debug|ARM
		{F7B550C9-DA8D-4F2C-81D0-9BC4CD936563}.Debug|ARM64.ActiveCfg = Debug|x64
		{F7B550C9-DA8D-4F2C-81D0-9BC4CD936563}.Debug|x64.ActiveCfg = Debug|x64
		{F7B550C9-DA8D-4F2C-81D0-9BC4CD936563}.Debug|x64.Build.0 = Debug|x64
		{F7B550C9-DA8D-4F2C-81D0-9BC4CD936563}.Debug|x64.Deploy.0 = Debug|x64
		{F7B550C9-DA8D-4F2C-81D0-9BC4CD936563}.Debug|x86.ActiveCfg = Debug|x86
		{F7B550C9-DA8D-4F2C-81D0-9BC4CD936563}.Debug|x86.Build.0 = Debug|x86
		{F7B550C9-DA8D-4F2C-81D0-9BC4CD936563}.Debug|x86.Deploy.0 = Debug|x86
		{F7B550C9-DA8D-4F2C-81D0-9BC4CD936563}.Release|Any CPU.ActiveCfg = Release|x64
		{F7B550C9-DA8D-4F2C-81D0-9BC4CD936563}.Release|Any CPU.Build.0 = Release|x64
		{F7B550C9-DA8D-4F2C-81D0-9BC4CD936563}.Release|Any CPU.Deploy.0 = Release|x64
		{F7B550C9-DA8D-4F2C-81D0-9BC4CD936563}.Release|ARM.ActiveCfg = Release|ARM
		{F7B550C9-DA8D-4F2C-81D0-9BC4CD936563}.Release|ARM.Build.0 = Release|ARM
		{F7B550C9-DA8D-4F2C-81D0-9BC4CD936563}.Release|ARM.Deploy.0 = Release|ARM
		{F7B550C9-DA8D-4F2C-81D0-9BC4CD936563}.Release|ARM64.ActiveCfg = Release|x64
		{F7B550C9-DA8D-4F2C-81D0-9BC4CD936563}.Release|x64.ActiveCfg = Release|x64
		{F7B550C9-DA8D-4F2C-81D0-9BC4CD936563}.Release|x64.Build.0 = Release|x64
		{F7B550C9-DA8D-4F2C-81D0-9BC4CD936563}.Release|x64.Deploy.0 = Release|x64
		{F7B550C9-DA8D-4F2C-81D0-9BC4CD936563}.Release|x86.ActiveCfg = Release|x86
		{F7B550C9-DA8D-4F2C-81D0-9BC4CD936563}.Release|x86.Build.0 = Release|x86
		{F7B550C9-DA8D-4F2C-81D0-9BC4CD936563}.Release|x86.Deploy.0 = Release|x86
		{B3BD9A45-9FED-48CC-A7EC-A5AE8C5FD59B}.Debug|Any CPU.ActiveCfg = Debug|x64
		{B3BD9A45-9FED-48CC-A7EC-A5AE8C5FD59B}.Debug|Any CPU.Build.0 = Debug|x64
		{B3BD9A45-9FED-48CC-A7EC-A5AE8C5FD59B}.Debug|Any CPU.Deploy.0 = Debug|x64
		{B3BD9A45-9FED-48CC-A7EC-A5AE8C5FD59B}.Debug|ARM.ActiveCfg = Debug|ARM
		{B3BD9A45-9FED-48CC-A7EC-A5AE8C5FD59B}.Debug|ARM.Build.0 = Debug|ARM
		{B3BD9A45-9FED-48CC-A7EC-A5AE8C5FD59B}.Debug|ARM.Deploy.0 = Debug|ARM
		{B3BD9A45-9FED-48CC-A7EC-A5AE8C5FD59B}.Debug|ARM64.ActiveCfg = Debug|x64
		{B3BD9A45-9FED-48CC-A7EC-A5AE8C5FD59B}.Debug|x64.ActiveCfg = Debug|x64
		{B3BD9A45-9FED-48CC-A7EC-A5AE8C5FD59B}.Debug|x64.Build.0 = Debug|x64
		{B3BD9A45-9FED-48CC-A7EC-A5AE8C5FD59B}.Debug|x64.Deploy.0 = Debug|x64
		{B3BD9A45-9FED-48CC-A7EC-A5AE8C5FD59B}.Debug|x86.ActiveCfg = Debug|x86
		{B3BD9A45-9FED-48CC-A7EC-A5AE8C5FD59B}.Debug|x86.Build.0 = Debug|x86
		{B3BD9A45-9FED-48CC-A7EC-A5AE8C5FD59B}.Debug|x86.Deploy.0 = Debug|x86
		{B3BD9A45-9FED-48CC-A7EC-A5AE8C5FD59B}.Release|Any CPU.ActiveCfg = Release|x64
		{B3BD9A45-9FED-48CC-A7EC-A5AE8C5FD59B}.Release|Any CPU.Build.0 = Release|x64
		{B3BD9A45-9FED-48CC-A7EC-A5AE8C5FD59B}.Release|Any CPU.Deploy.0 = Release|x64
		{B3BD9A45-9FED-48CC-A7EC-A5AE8C5FD59B}.Release|ARM.ActiveCfg = Release|ARM
		{B3BD9A45-9FED-48CC-A7EC-A5AE8C5FD59B}.Release|ARM.Build.0 = Release|ARM
		{B3BD9A45-9FED-48CC-A7EC-A5AE8C5FD59B}.Release|ARM.Deploy.0 = Release|ARM
		{B3BD9A45-9FED-48CC-A7EC-A5AE8C5FD59B}.Release|ARM64.ActiveCfg = Release|x64
		{B3BD9A45-9FED-48CC-A7EC-A5AE8C5FD59B}.Release|x64.ActiveCfg = Release|x64
		{B3BD9A45-9FED-48CC-A7EC-A5AE8C5FD59B}.Release|x64.Build.0 = Release|x64
		{B3BD9A45-9FED-48CC-A7EC-A5AE8C5FD59B}.Release|x64.Deploy.0 = Release|x64
		{B3BD9A45-9FED-48CC-A7EC-A5AE8C5FD59B}.Release|x86.ActiveCfg = Release|x86
		{B3BD9A45-9FED-48CC-A7EC-A5AE8C5FD59B}.Release|x86.Build.0 = Release|x86
		{B3BD9A45-9FED-48CC-A7EC-A5AE8C5FD59B}.Release|x86.Deploy.0 = Release|x86
		{7B6ABE7C-9B0D-407D-B7F8-146F61844882}.Debug|Any CPU.ActiveCfg = Debug|x64
		{7B6ABE7C-9B0D-407D-B7F8-146F61844882}.Debug|Any CPU.Build.0 = Debug|x64
		{7B6ABE7C-9B0D-407D-B7F8-146F61844882}.Debug|Any CPU.Deploy.0 = Debug|x64
		{7B6ABE7C-9B0D-407D-B7F8-146F61844882}.Debug|ARM.ActiveCfg = Debug|ARM
		{7B6ABE7C-9B0D-407D-B7F8-146F61844882}.Debug|ARM.Build.0 = Debug|ARM
		{7B6ABE7C-9B0D-407D-B7F8-146F61844882}.Debug|ARM.Deploy.0 = Debug|ARM
		{7B6ABE7C-9B0D-407D-B7F8-146F61844882}.Debug|ARM64.ActiveCfg = Debug|x64
		{7B6ABE7C-9B0D-407D-B7F8-146F61844882}.Debug|x64.ActiveCfg = Debug|x64
		{7B6ABE7C-9B0D-407D-B7F8-146F61844882}.Debug|x64.Build.0 = Debug|x64
		{7B6ABE7C-9B0D-407D-B7F8-146F61844882}.Debug|x64.Deploy.0 = Debug|x64
		{7B6ABE7C-9B0D-407D-B7F8-146F61844882}.Debug|x86.ActiveCfg = Debug|x86
		{7B6ABE7C-9B0D-407D-B7F8-146F61844882}.Debug|x86.Build.0 = Debug|x86
		{7B6ABE7C-9B0D-407D-B7F8-146F61844882}.Debug|x86.Deploy.0 = Debug|x86
		{7B6ABE7C-9B0D-407D-B7F8-146F61844882}.Release|Any CPU.ActiveCfg = Release|x64
		{7B6ABE7C-9B0D-407D-B7F8-146F61844882}.Release|Any CPU.Build.0 = Release|x64
		{7B6ABE7C-9B0D-407D-B7F8-146F61844882}.Release|Any CPU.Deploy.0 = Release|x64
		{7B6ABE7C-9B0D-407D-B7F8-146F61844882}.Release|ARM.ActiveCfg = Release|ARM
		{7B6ABE7C-9B0D-407D-B7F8-146F61844882}.Release|ARM.Build.0 = Release|ARM
		{7B6ABE7C-9B0D-407D-B7F8-146F61844882}.Release|ARM.Deploy.0 = Release|ARM
		{7B6ABE7C-9B0D-407D-B7F8-146F61844882}.Release|ARM64.ActiveCfg = Release|x64
		{7B6ABE7C-9B0D-407D-B7F8-146F61844882}.Release|x64.ActiveCfg = Release|x64
		{7B6ABE7C-9B0D-407D-B7F8-146F61844882}.Release|x64.Build.0 = Release|x64
		{7B6ABE7C-9B0D-407D-B7F8-146F61844882}.Release|x64.Deploy.0 = Release|x64
		{7B6ABE7C-9B0D-407D-B7F8-146F61844882}.Release|x86.ActiveCfg = Release|x86
		{7B6ABE7C-9B0D-407D-B7F8-146F61844882}.Release|x86.Build.0 = Release|x86
		{7B6ABE7C-9B0D-407D-B7F8-146F61844882}.Release|x86.Deploy.0 = Release|x86
		{8E16F929-C5F9-489F-B1DA-B3DA550B406C}.Debug|Any CPU.ActiveCfg = Debug|x64
		{8E16F929-C5F9-489F-B1DA-B3DA550B406C}.Debug|Any CPU.Build.0 = Debug|x64
		{8E16F929-C5F9-489F-B1DA-B3DA550B406C}.Debug|Any CPU.Deploy.0 = Debug|x64
		{8E16F929-C5F9-489F-B1DA-B3DA550B406C}.Debug|ARM.ActiveCfg = Debug|ARM
		{8E16F929-C5F9-489F-B1DA-B3DA550B406C}.Debug|ARM.Build.0 = Debug|ARM
		{8E16F929-C5F9-489F-B1DA-B3DA550B406C}.Debug|ARM.Deploy.0 = Debug|ARM
		{8E16F929-C5F9-489F-B1DA-B3DA550B406C}.Debug|ARM64.ActiveCfg = Debug|x64
		{8E16F929-C5F9-489F-B1DA-B3DA550B406C}.Debug|x64.ActiveCfg = Debug|x64
		{8E16F929-C5F9-489F-B1DA-B3DA550B406C}.Debug|x64.Build.0 = Debug|x64
		{8E16F929-C5F9-489F-B1DA-B3DA550B406C}.Debug|x64.Deploy.0 = Debug|x64
		{8E16F929-C5F9-489F-B1DA-B3DA550B406C}.Debug|x86.ActiveCfg = Debug|x86
		{8E16F929-C5F9-489F-B1DA-B3DA550B406C}.Debug|x86.Build.0 = Debug|x86
		{8E16F929-C5F9-489F-B1DA-B3DA550B406C}.Debug|x86.Deploy.0 = Debug|x86
		{8E16F929-C5F9-489F-B1DA-B3DA550B406C}.Release|Any CPU.ActiveCfg = Release|x64
		{8E16F929-C5F9-489F-B1DA-B3DA550B406C}.Release|Any CPU.Build.0 = Release|x64
		{8E16F929-C5F9-489F-B1DA-B3DA550B406C}.Release|Any CPU.Deploy.0 = Release|x64
		{8E16F929-C5F9-489F-B1DA-B3DA550B406C}.Release|ARM.ActiveCfg = Release|ARM
		{8E16F929-C5F9-489F-B1DA-B3DA550B406C}.Release|ARM.Build.0 = Release|ARM
		{8E16F929-C5F9-489F-B1DA-B3DA550B406C}.Release|ARM.Deploy.0 = Release|ARM
		{8E16F929-C5F9-489F-B1DA-B3DA550B406C}.Release|ARM64.ActiveCfg = Release|x64
		{8E16F929-C5F9-489F-B1DA-B3DA550B406C}.Release|x64.ActiveCfg = Release|x64
		{8E16F929-C5F9-489F-B1DA-B3DA550B406C}.Release|x64.Build.0 = Release|x64
		{8E16F929-C5F9-489F-B1DA-B3DA550B406C}.Release|x64.Deploy.0 = Release|x64
		{8E16F929-C5F9-489F-B1DA-B3DA550B406C}.Release|x86.ActiveCfg = Release|x86
		{8E16F929-C5F9-489F-B1DA-B3DA550B406C}.Release|x86.Build.0 = Release|x86
		{8E16F929-C5F9-489F-B1DA-B3DA550B406C}.Release|x86.Deploy.0 = Release|x86
		{2905C29A-A52B-4919-972C-826C49E05467}.Debug|Any CPU.ActiveCfg = Debug|x64
		{2905C29A-A52B-4919-972C-826C49E05467}.Debug|Any CPU.Build.0 = Debug|x64
		{2905C29A-A52B-4919-972C-826C49E05467}.Debug|Any CPU.Deploy.0 = Debug|x64
		{2905C29A-A52B-4919-972C-826C49E05467}.Debug|ARM.ActiveCfg = Debug|ARM
		{2905C29A-A52B-4919-972C-826C49E05467}.Debug|ARM.Build.0 = Debug|ARM
		{2905C29A-A52B-4919-972C-826C49E05467}.Debug|ARM.Deploy.0 = Debug|ARM
		{2905C29A-A52B-4919-972C-826C49E05467}.Debug|ARM64.ActiveCfg = Debug|x64
		{2905C29A-A52B-4919-972C-826C49E05467}.Debug|x64.ActiveCfg = Debug|x64
		{2905C29A-A52B-4919-972C-826C49E05467}.Debug|x64.Build.0 = Debug|x64
		{2905C29A-A52B-4919-972C-826C49E05467}.Debug|x64.Deploy.0 = Debug|x64
		{2905C29A-A52B-4919-972C-826C49E05467}.Debug|x86.ActiveCfg = Debug|x86
		{2905C29A-A52B-4919-972C-826C49E05467}.Debug|x86.Build.0 = Debug|x86
		{2905C29A-A52B-4919-972C-826C49E05467}.Debug|x86.Deploy.0 = Debug|x86
		{2905C29A-A52B-4919-972C-826C49E05467}.Release|Any CPU.ActiveCfg = Release|x64
		{2905C29A-A52B-4919-972C-826C49E05467}.Release|Any CPU.Build.0 = Release|x64
		{2905C29A-A52B-4919-972C-826C49E05467}.Release|Any CPU.Deploy.0 = Release|x64
		{2905C29A-A52B-4919-972C-826C49E05467}.Release|ARM.ActiveCfg = Release|ARM
		{2905C29A-A52B-4919-972C-826C49E05467}.Release|ARM.Build.0 = Release|ARM
		{2905C29A-A52B-4919-972C-826C49E05467}.Release|ARM.Deploy.0 = Release|ARM
		{2905C29A-A52B-4919-972C-826C49E05467}.Release|ARM64.ActiveCfg = Release|x64
		{2905C29A-A52B-4919-972C-826C49E05467}.Release|x64.ActiveCfg = Release|x64
		{2905C29A-A52B-4919-972C-826C49E05467}.Release|x64.Build.0 = Release|x64
		{2905C29A-A52B-4919-972C-826C49E05467}.Release|x64.Deploy.0 = Release|x64
		{2905C29A-A52B-4919-972C-826C49E05467}.Release|x86.ActiveCfg = Release|x86
		{2905C29A-A52B-4919-972C-826C49E05467}.Release|x86.Build.0 = Release|x86
		{2905C29A-A52B-4919-972C-826C49E05467}.Release|x86.Deploy.0 = Release|x86
		{88FAE337-8541-4C0E-BEC6-CF4C58170E38}.Debug|Any CPU.ActiveCfg = Debug|Any CPU
		{88FAE337-8541-4C0E-BEC6-CF4C58170E38}.Debug|Any CPU.Build.0 = Debug|Any CPU
		{88FAE337-8541-4C0E-BEC6-CF4C58170E38}.Debug|ARM.ActiveCfg = Debug|Any CPU
		{88FAE337-8541-4C0E-BEC6-CF4C58170E38}.Debug|ARM.Build.0 = Debug|Any CPU
		{88FAE337-8541-4C0E-BEC6-CF4C58170E38}.Debug|ARM64.ActiveCfg = Debug|Any CPU
		{88FAE337-8541-4C0E-BEC6-CF4C58170E38}.Debug|x64.ActiveCfg = Debug|Any CPU
		{88FAE337-8541-4C0E-BEC6-CF4C58170E38}.Debug|x64.Build.0 = Debug|Any CPU
		{88FAE337-8541-4C0E-BEC6-CF4C58170E38}.Debug|x86.ActiveCfg = Debug|Any CPU
		{88FAE337-8541-4C0E-BEC6-CF4C58170E38}.Debug|x86.Build.0 = Debug|Any CPU
		{88FAE337-8541-4C0E-BEC6-CF4C58170E38}.Release|Any CPU.ActiveCfg = Release|Any CPU
		{88FAE337-8541-4C0E-BEC6-CF4C58170E38}.Release|Any CPU.Build.0 = Release|Any CPU
		{88FAE337-8541-4C0E-BEC6-CF4C58170E38}.Release|ARM.ActiveCfg = Release|Any CPU
		{88FAE337-8541-4C0E-BEC6-CF4C58170E38}.Release|ARM.Build.0 = Release|Any CPU
		{88FAE337-8541-4C0E-BEC6-CF4C58170E38}.Release|ARM64.ActiveCfg = Release|Any CPU
		{88FAE337-8541-4C0E-BEC6-CF4C58170E38}.Release|x64.ActiveCfg = Release|Any CPU
		{88FAE337-8541-4C0E-BEC6-CF4C58170E38}.Release|x64.Build.0 = Release|Any CPU
		{88FAE337-8541-4C0E-BEC6-CF4C58170E38}.Release|x86.ActiveCfg = Release|Any CPU
		{88FAE337-8541-4C0E-BEC6-CF4C58170E38}.Release|x86.Build.0 = Release|Any CPU
		{356FCFA2-8551-4ABB-8FEE-8D259F15824C}.Debug|Any CPU.ActiveCfg = Debug|x64
		{356FCFA2-8551-4ABB-8FEE-8D259F15824C}.Debug|Any CPU.Build.0 = Debug|x64
		{356FCFA2-8551-4ABB-8FEE-8D259F15824C}.Debug|Any CPU.Deploy.0 = Debug|x64
		{356FCFA2-8551-4ABB-8FEE-8D259F15824C}.Debug|ARM.ActiveCfg = Debug|ARM
		{356FCFA2-8551-4ABB-8FEE-8D259F15824C}.Debug|ARM.Build.0 = Debug|ARM
		{356FCFA2-8551-4ABB-8FEE-8D259F15824C}.Debug|ARM.Deploy.0 = Debug|ARM
		{356FCFA2-8551-4ABB-8FEE-8D259F15824C}.Debug|ARM64.ActiveCfg = Debug|x64
		{356FCFA2-8551-4ABB-8FEE-8D259F15824C}.Debug|x64.ActiveCfg = Debug|x64
		{356FCFA2-8551-4ABB-8FEE-8D259F15824C}.Debug|x64.Build.0 = Debug|x64
		{356FCFA2-8551-4ABB-8FEE-8D259F15824C}.Debug|x64.Deploy.0 = Debug|x64
		{356FCFA2-8551-4ABB-8FEE-8D259F15824C}.Debug|x86.ActiveCfg = Debug|x86
		{356FCFA2-8551-4ABB-8FEE-8D259F15824C}.Debug|x86.Build.0 = Debug|x86
		{356FCFA2-8551-4ABB-8FEE-8D259F15824C}.Debug|x86.Deploy.0 = Debug|x86
		{356FCFA2-8551-4ABB-8FEE-8D259F15824C}.Release|Any CPU.ActiveCfg = Release|x64
		{356FCFA2-8551-4ABB-8FEE-8D259F15824C}.Release|Any CPU.Build.0 = Release|x64
		{356FCFA2-8551-4ABB-8FEE-8D259F15824C}.Release|Any CPU.Deploy.0 = Release|x64
		{356FCFA2-8551-4ABB-8FEE-8D259F15824C}.Release|ARM.ActiveCfg = Release|ARM
		{356FCFA2-8551-4ABB-8FEE-8D259F15824C}.Release|ARM.Build.0 = Release|ARM
		{356FCFA2-8551-4ABB-8FEE-8D259F15824C}.Release|ARM.Deploy.0 = Release|ARM
		{356FCFA2-8551-4ABB-8FEE-8D259F15824C}.Release|ARM64.ActiveCfg = Release|x64
		{356FCFA2-8551-4ABB-8FEE-8D259F15824C}.Release|x64.ActiveCfg = Release|x64
		{356FCFA2-8551-4ABB-8FEE-8D259F15824C}.Release|x64.Build.0 = Release|x64
		{356FCFA2-8551-4ABB-8FEE-8D259F15824C}.Release|x64.Deploy.0 = Release|x64
		{356FCFA2-8551-4ABB-8FEE-8D259F15824C}.Release|x86.ActiveCfg = Release|x86
		{356FCFA2-8551-4ABB-8FEE-8D259F15824C}.Release|x86.Build.0 = Release|x86
		{356FCFA2-8551-4ABB-8FEE-8D259F15824C}.Release|x86.Deploy.0 = Release|x86
		{C71A278F-7990-4002-81BF-53908374F9ED}.Debug|Any CPU.ActiveCfg = Debug|x64
		{C71A278F-7990-4002-81BF-53908374F9ED}.Debug|Any CPU.Build.0 = Debug|x64
		{C71A278F-7990-4002-81BF-53908374F9ED}.Debug|Any CPU.Deploy.0 = Debug|x64
		{C71A278F-7990-4002-81BF-53908374F9ED}.Debug|ARM.ActiveCfg = Debug|ARM
		{C71A278F-7990-4002-81BF-53908374F9ED}.Debug|ARM.Build.0 = Debug|ARM
		{C71A278F-7990-4002-81BF-53908374F9ED}.Debug|ARM.Deploy.0 = Debug|ARM
		{C71A278F-7990-4002-81BF-53908374F9ED}.Debug|ARM64.ActiveCfg = Debug|x64
		{C71A278F-7990-4002-81BF-53908374F9ED}.Debug|x64.ActiveCfg = Debug|x64
		{C71A278F-7990-4002-81BF-53908374F9ED}.Debug|x64.Build.0 = Debug|x64
		{C71A278F-7990-4002-81BF-53908374F9ED}.Debug|x64.Deploy.0 = Debug|x64
		{C71A278F-7990-4002-81BF-53908374F9ED}.Debug|x86.ActiveCfg = Debug|x86
		{C71A278F-7990-4002-81BF-53908374F9ED}.Debug|x86.Build.0 = Debug|x86
		{C71A278F-7990-4002-81BF-53908374F9ED}.Debug|x86.Deploy.0 = Debug|x86
		{C71A278F-7990-4002-81BF-53908374F9ED}.Release|Any CPU.ActiveCfg = Release|x64
		{C71A278F-7990-4002-81BF-53908374F9ED}.Release|Any CPU.Build.0 = Release|x64
		{C71A278F-7990-4002-81BF-53908374F9ED}.Release|Any CPU.Deploy.0 = Release|x64
		{C71A278F-7990-4002-81BF-53908374F9ED}.Release|ARM.ActiveCfg = Release|ARM
		{C71A278F-7990-4002-81BF-53908374F9ED}.Release|ARM.Build.0 = Release|ARM
		{C71A278F-7990-4002-81BF-53908374F9ED}.Release|ARM.Deploy.0 = Release|ARM
		{C71A278F-7990-4002-81BF-53908374F9ED}.Release|ARM64.ActiveCfg = Release|x64
		{C71A278F-7990-4002-81BF-53908374F9ED}.Release|x64.ActiveCfg = Release|x64
		{C71A278F-7990-4002-81BF-53908374F9ED}.Release|x64.Build.0 = Release|x64
		{C71A278F-7990-4002-81BF-53908374F9ED}.Release|x64.Deploy.0 = Release|x64
		{C71A278F-7990-4002-81BF-53908374F9ED}.Release|x86.ActiveCfg = Release|x86
		{C71A278F-7990-4002-81BF-53908374F9ED}.Release|x86.Build.0 = Release|x86
		{C71A278F-7990-4002-81BF-53908374F9ED}.Release|x86.Deploy.0 = Release|x86
		{F9B08938-9B7B-4E8E-BA4E-6A7CC5A44AAF}.Debug|Any CPU.ActiveCfg = Debug|x64
		{F9B08938-9B7B-4E8E-BA4E-6A7CC5A44AAF}.Debug|Any CPU.Build.0 = Debug|x64
		{F9B08938-9B7B-4E8E-BA4E-6A7CC5A44AAF}.Debug|Any CPU.Deploy.0 = Debug|x64
		{F9B08938-9B7B-4E8E-BA4E-6A7CC5A44AAF}.Debug|ARM.ActiveCfg = Debug|ARM
		{F9B08938-9B7B-4E8E-BA4E-6A7CC5A44AAF}.Debug|ARM.Build.0 = Debug|ARM
		{F9B08938-9B7B-4E8E-BA4E-6A7CC5A44AAF}.Debug|ARM.Deploy.0 = Debug|ARM
		{F9B08938-9B7B-4E8E-BA4E-6A7CC5A44AAF}.Debug|ARM64.ActiveCfg = Debug|x64
		{F9B08938-9B7B-4E8E-BA4E-6A7CC5A44AAF}.Debug|x64.ActiveCfg = Debug|x64
		{F9B08938-9B7B-4E8E-BA4E-6A7CC5A44AAF}.Debug|x64.Build.0 = Debug|x64
		{F9B08938-9B7B-4E8E-BA4E-6A7CC5A44AAF}.Debug|x64.Deploy.0 = Debug|x64
		{F9B08938-9B7B-4E8E-BA4E-6A7CC5A44AAF}.Debug|x86.ActiveCfg = Debug|x86
		{F9B08938-9B7B-4E8E-BA4E-6A7CC5A44AAF}.Debug|x86.Build.0 = Debug|x86
		{F9B08938-9B7B-4E8E-BA4E-6A7CC5A44AAF}.Debug|x86.Deploy.0 = Debug|x86
		{F9B08938-9B7B-4E8E-BA4E-6A7CC5A44AAF}.Release|Any CPU.ActiveCfg = Release|x64
		{F9B08938-9B7B-4E8E-BA4E-6A7CC5A44AAF}.Release|Any CPU.Build.0 = Release|x64
		{F9B08938-9B7B-4E8E-BA4E-6A7CC5A44AAF}.Release|Any CPU.Deploy.0 = Release|x64
		{F9B08938-9B7B-4E8E-BA4E-6A7CC5A44AAF}.Release|ARM.ActiveCfg = Release|ARM
		{F9B08938-9B7B-4E8E-BA4E-6A7CC5A44AAF}.Release|ARM.Build.0 = Release|ARM
		{F9B08938-9B7B-4E8E-BA4E-6A7CC5A44AAF}.Release|ARM.Deploy.0 = Release|ARM
		{F9B08938-9B7B-4E8E-BA4E-6A7CC5A44AAF}.Release|ARM64.ActiveCfg = Release|x64
		{F9B08938-9B7B-4E8E-BA4E-6A7CC5A44AAF}.Release|x64.ActiveCfg = Release|x64
		{F9B08938-9B7B-4E8E-BA4E-6A7CC5A44AAF}.Release|x64.Build.0 = Release|x64
		{F9B08938-9B7B-4E8E-BA4E-6A7CC5A44AAF}.Release|x64.Deploy.0 = Release|x64
		{F9B08938-9B7B-4E8E-BA4E-6A7CC5A44AAF}.Release|x86.ActiveCfg = Release|x86
		{F9B08938-9B7B-4E8E-BA4E-6A7CC5A44AAF}.Release|x86.Build.0 = Release|x86
		{F9B08938-9B7B-4E8E-BA4E-6A7CC5A44AAF}.Release|x86.Deploy.0 = Release|x86
		{4B33FC67-9676-4C7C-A4BB-9464C50069AA}.Debug|Any CPU.ActiveCfg = Debug|x64
		{4B33FC67-9676-4C7C-A4BB-9464C50069AA}.Debug|Any CPU.Build.0 = Debug|x64
		{4B33FC67-9676-4C7C-A4BB-9464C50069AA}.Debug|Any CPU.Deploy.0 = Debug|x64
		{4B33FC67-9676-4C7C-A4BB-9464C50069AA}.Debug|ARM.ActiveCfg = Debug|ARM
		{4B33FC67-9676-4C7C-A4BB-9464C50069AA}.Debug|ARM.Build.0 = Debug|ARM
		{4B33FC67-9676-4C7C-A4BB-9464C50069AA}.Debug|ARM.Deploy.0 = Debug|ARM
		{4B33FC67-9676-4C7C-A4BB-9464C50069AA}.Debug|ARM64.ActiveCfg = Debug|x64
		{4B33FC67-9676-4C7C-A4BB-9464C50069AA}.Debug|x64.ActiveCfg = Debug|x64
		{4B33FC67-9676-4C7C-A4BB-9464C50069AA}.Debug|x64.Build.0 = Debug|x64
		{4B33FC67-9676-4C7C-A4BB-9464C50069AA}.Debug|x64.Deploy.0 = Debug|x64
		{4B33FC67-9676-4C7C-A4BB-9464C50069AA}.Debug|x86.ActiveCfg = Debug|x86
		{4B33FC67-9676-4C7C-A4BB-9464C50069AA}.Debug|x86.Build.0 = Debug|x86
		{4B33FC67-9676-4C7C-A4BB-9464C50069AA}.Debug|x86.Deploy.0 = Debug|x86
		{4B33FC67-9676-4C7C-A4BB-9464C50069AA}.Release|Any CPU.ActiveCfg = Release|x64
		{4B33FC67-9676-4C7C-A4BB-9464C50069AA}.Release|Any CPU.Build.0 = Release|x64
		{4B33FC67-9676-4C7C-A4BB-9464C50069AA}.Release|Any CPU.Deploy.0 = Release|x64
		{4B33FC67-9676-4C7C-A4BB-9464C50069AA}.Release|ARM.ActiveCfg = Release|ARM
		{4B33FC67-9676-4C7C-A4BB-9464C50069AA}.Release|ARM.Build.0 = Release|ARM
		{4B33FC67-9676-4C7C-A4BB-9464C50069AA}.Release|ARM.Deploy.0 = Release|ARM
		{4B33FC67-9676-4C7C-A4BB-9464C50069AA}.Release|ARM64.ActiveCfg = Release|x64
		{4B33FC67-9676-4C7C-A4BB-9464C50069AA}.Release|x64.ActiveCfg = Release|x64
		{4B33FC67-9676-4C7C-A4BB-9464C50069AA}.Release|x64.Build.0 = Release|x64
		{4B33FC67-9676-4C7C-A4BB-9464C50069AA}.Release|x64.Deploy.0 = Release|x64
		{4B33FC67-9676-4C7C-A4BB-9464C50069AA}.Release|x86.ActiveCfg = Release|x86
		{4B33FC67-9676-4C7C-A4BB-9464C50069AA}.Release|x86.Build.0 = Release|x86
		{4B33FC67-9676-4C7C-A4BB-9464C50069AA}.Release|x86.Deploy.0 = Release|x86
		{B83612DB-71BF-4672-A567-B6D1AC3B1542}.Debug|Any CPU.ActiveCfg = Debug|x64
		{B83612DB-71BF-4672-A567-B6D1AC3B1542}.Debug|Any CPU.Build.0 = Debug|x64
		{B83612DB-71BF-4672-A567-B6D1AC3B1542}.Debug|Any CPU.Deploy.0 = Debug|x64
		{B83612DB-71BF-4672-A567-B6D1AC3B1542}.Debug|ARM.ActiveCfg = Debug|ARM
		{B83612DB-71BF-4672-A567-B6D1AC3B1542}.Debug|ARM.Build.0 = Debug|ARM
		{B83612DB-71BF-4672-A567-B6D1AC3B1542}.Debug|ARM.Deploy.0 = Debug|ARM
		{B83612DB-71BF-4672-A567-B6D1AC3B1542}.Debug|ARM64.ActiveCfg = Debug|x64
		{B83612DB-71BF-4672-A567-B6D1AC3B1542}.Debug|x64.ActiveCfg = Debug|x64
		{B83612DB-71BF-4672-A567-B6D1AC3B1542}.Debug|x64.Build.0 = Debug|x64
		{B83612DB-71BF-4672-A567-B6D1AC3B1542}.Debug|x64.Deploy.0 = Debug|x64
		{B83612DB-71BF-4672-A567-B6D1AC3B1542}.Debug|x86.ActiveCfg = Debug|x86
		{B83612DB-71BF-4672-A567-B6D1AC3B1542}.Debug|x86.Build.0 = Debug|x86
		{B83612DB-71BF-4672-A567-B6D1AC3B1542}.Debug|x86.Deploy.0 = Debug|x86
		{B83612DB-71BF-4672-A567-B6D1AC3B1542}.Release|Any CPU.ActiveCfg = Release|x64
		{B83612DB-71BF-4672-A567-B6D1AC3B1542}.Release|Any CPU.Build.0 = Release|x64
		{B83612DB-71BF-4672-A567-B6D1AC3B1542}.Release|Any CPU.Deploy.0 = Release|x64
		{B83612DB-71BF-4672-A567-B6D1AC3B1542}.Release|ARM.ActiveCfg = Release|ARM
		{B83612DB-71BF-4672-A567-B6D1AC3B1542}.Release|ARM.Build.0 = Release|ARM
		{B83612DB-71BF-4672-A567-B6D1AC3B1542}.Release|ARM.Deploy.0 = Release|ARM
		{B83612DB-71BF-4672-A567-B6D1AC3B1542}.Release|ARM64.ActiveCfg = Release|x64
		{B83612DB-71BF-4672-A567-B6D1AC3B1542}.Release|x64.ActiveCfg = Release|x64
		{B83612DB-71BF-4672-A567-B6D1AC3B1542}.Release|x64.Build.0 = Release|x64
		{B83612DB-71BF-4672-A567-B6D1AC3B1542}.Release|x64.Deploy.0 = Release|x64
		{B83612DB-71BF-4672-A567-B6D1AC3B1542}.Release|x86.ActiveCfg = Release|x86
		{B83612DB-71BF-4672-A567-B6D1AC3B1542}.Release|x86.Build.0 = Release|x86
		{B83612DB-71BF-4672-A567-B6D1AC3B1542}.Release|x86.Deploy.0 = Release|x86
		{1A86C24D-F640-4BA9-8D35-BFEB4F3F4EDE}.Debug|Any CPU.ActiveCfg = Debug|x64
		{1A86C24D-F640-4BA9-8D35-BFEB4F3F4EDE}.Debug|Any CPU.Build.0 = Debug|x64
		{1A86C24D-F640-4BA9-8D35-BFEB4F3F4EDE}.Debug|Any CPU.Deploy.0 = Debug|x64
		{1A86C24D-F640-4BA9-8D35-BFEB4F3F4EDE}.Debug|ARM.ActiveCfg = Debug|ARM
		{1A86C24D-F640-4BA9-8D35-BFEB4F3F4EDE}.Debug|ARM.Build.0 = Debug|ARM
		{1A86C24D-F640-4BA9-8D35-BFEB4F3F4EDE}.Debug|ARM.Deploy.0 = Debug|ARM
		{1A86C24D-F640-4BA9-8D35-BFEB4F3F4EDE}.Debug|ARM64.ActiveCfg = Debug|x64
		{1A86C24D-F640-4BA9-8D35-BFEB4F3F4EDE}.Debug|x64.ActiveCfg = Debug|x64
		{1A86C24D-F640-4BA9-8D35-BFEB4F3F4EDE}.Debug|x64.Build.0 = Debug|x64
		{1A86C24D-F640-4BA9-8D35-BFEB4F3F4EDE}.Debug|x64.Deploy.0 = Debug|x64
		{1A86C24D-F640-4BA9-8D35-BFEB4F3F4EDE}.Debug|x86.ActiveCfg = Debug|x86
		{1A86C24D-F640-4BA9-8D35-BFEB4F3F4EDE}.Debug|x86.Build.0 = Debug|x86
		{1A86C24D-F640-4BA9-8D35-BFEB4F3F4EDE}.Debug|x86.Deploy.0 = Debug|x86
		{1A86C24D-F640-4BA9-8D35-BFEB4F3F4EDE}.Release|Any CPU.ActiveCfg = Release|x64
		{1A86C24D-F640-4BA9-8D35-BFEB4F3F4EDE}.Release|Any CPU.Build.0 = Release|x64
		{1A86C24D-F640-4BA9-8D35-BFEB4F3F4EDE}.Release|Any CPU.Deploy.0 = Release|x64
		{1A86C24D-F640-4BA9-8D35-BFEB4F3F4EDE}.Release|ARM.ActiveCfg = Release|ARM
		{1A86C24D-F640-4BA9-8D35-BFEB4F3F4EDE}.Release|ARM.Build.0 = Release|ARM
		{1A86C24D-F640-4BA9-8D35-BFEB4F3F4EDE}.Release|ARM.Deploy.0 = Release|ARM
		{1A86C24D-F640-4BA9-8D35-BFEB4F3F4EDE}.Release|ARM64.ActiveCfg = Release|x64
		{1A86C24D-F640-4BA9-8D35-BFEB4F3F4EDE}.Release|x64.ActiveCfg = Release|x64
		{1A86C24D-F640-4BA9-8D35-BFEB4F3F4EDE}.Release|x64.Build.0 = Release|x64
		{1A86C24D-F640-4BA9-8D35-BFEB4F3F4EDE}.Release|x64.Deploy.0 = Release|x64
		{1A86C24D-F640-4BA9-8D35-BFEB4F3F4EDE}.Release|x86.ActiveCfg = Release|x86
		{1A86C24D-F640-4BA9-8D35-BFEB4F3F4EDE}.Release|x86.Build.0 = Release|x86
		{1A86C24D-F640-4BA9-8D35-BFEB4F3F4EDE}.Release|x86.Deploy.0 = Release|x86
		{DE171890-B68C-43CF-A4DE-0468D176D640}.Debug|Any CPU.ActiveCfg = Debug|x64
		{DE171890-B68C-43CF-A4DE-0468D176D640}.Debug|Any CPU.Build.0 = Debug|x64
		{DE171890-B68C-43CF-A4DE-0468D176D640}.Debug|Any CPU.Deploy.0 = Debug|x64
		{DE171890-B68C-43CF-A4DE-0468D176D640}.Debug|ARM.ActiveCfg = Debug|ARM
		{DE171890-B68C-43CF-A4DE-0468D176D640}.Debug|ARM.Build.0 = Debug|ARM
		{DE171890-B68C-43CF-A4DE-0468D176D640}.Debug|ARM.Deploy.0 = Debug|ARM
		{DE171890-B68C-43CF-A4DE-0468D176D640}.Debug|ARM64.ActiveCfg = Debug|x64
		{DE171890-B68C-43CF-A4DE-0468D176D640}.Debug|x64.ActiveCfg = Debug|x64
		{DE171890-B68C-43CF-A4DE-0468D176D640}.Debug|x64.Build.0 = Debug|x64
		{DE171890-B68C-43CF-A4DE-0468D176D640}.Debug|x64.Deploy.0 = Debug|x64
		{DE171890-B68C-43CF-A4DE-0468D176D640}.Debug|x86.ActiveCfg = Debug|x86
		{DE171890-B68C-43CF-A4DE-0468D176D640}.Debug|x86.Build.0 = Debug|x86
		{DE171890-B68C-43CF-A4DE-0468D176D640}.Debug|x86.Deploy.0 = Debug|x86
		{DE171890-B68C-43CF-A4DE-0468D176D640}.Release|Any CPU.ActiveCfg = Release|x64
		{DE171890-B68C-43CF-A4DE-0468D176D640}.Release|Any CPU.Build.0 = Release|x64
		{DE171890-B68C-43CF-A4DE-0468D176D640}.Release|Any CPU.Deploy.0 = Release|x64
		{DE171890-B68C-43CF-A4DE-0468D176D640}.Release|ARM.ActiveCfg = Release|ARM
		{DE171890-B68C-43CF-A4DE-0468D176D640}.Release|ARM.Build.0 = Release|ARM
		{DE171890-B68C-43CF-A4DE-0468D176D640}.Release|ARM.Deploy.0 = Release|ARM
		{DE171890-B68C-43CF-A4DE-0468D176D640}.Release|ARM64.ActiveCfg = Release|x64
		{DE171890-B68C-43CF-A4DE-0468D176D640}.Release|x64.ActiveCfg = Release|x64
		{DE171890-B68C-43CF-A4DE-0468D176D640}.Release|x64.Build.0 = Release|x64
		{DE171890-B68C-43CF-A4DE-0468D176D640}.Release|x64.Deploy.0 = Release|x64
		{DE171890-B68C-43CF-A4DE-0468D176D640}.Release|x86.ActiveCfg = Release|x86
		{DE171890-B68C-43CF-A4DE-0468D176D640}.Release|x86.Build.0 = Release|x86
		{DE171890-B68C-43CF-A4DE-0468D176D640}.Release|x86.Deploy.0 = Release|x86
		{F6292E39-590D-4D17-9786-D8B85505B5A7}.Debug|Any CPU.ActiveCfg = Debug|x64
		{F6292E39-590D-4D17-9786-D8B85505B5A7}.Debug|Any CPU.Build.0 = Debug|x64
		{F6292E39-590D-4D17-9786-D8B85505B5A7}.Debug|Any CPU.Deploy.0 = Debug|x64
		{F6292E39-590D-4D17-9786-D8B85505B5A7}.Debug|ARM.ActiveCfg = Debug|ARM
		{F6292E39-590D-4D17-9786-D8B85505B5A7}.Debug|ARM.Build.0 = Debug|ARM
		{F6292E39-590D-4D17-9786-D8B85505B5A7}.Debug|ARM.Deploy.0 = Debug|ARM
		{F6292E39-590D-4D17-9786-D8B85505B5A7}.Debug|ARM64.ActiveCfg = Debug|x64
		{F6292E39-590D-4D17-9786-D8B85505B5A7}.Debug|x64.ActiveCfg = Debug|x64
		{F6292E39-590D-4D17-9786-D8B85505B5A7}.Debug|x64.Build.0 = Debug|x64
		{F6292E39-590D-4D17-9786-D8B85505B5A7}.Debug|x64.Deploy.0 = Debug|x64
		{F6292E39-590D-4D17-9786-D8B85505B5A7}.Debug|x86.ActiveCfg = Debug|x86
		{F6292E39-590D-4D17-9786-D8B85505B5A7}.Debug|x86.Build.0 = Debug|x86
		{F6292E39-590D-4D17-9786-D8B85505B5A7}.Debug|x86.Deploy.0 = Debug|x86
		{F6292E39-590D-4D17-9786-D8B85505B5A7}.Release|Any CPU.ActiveCfg = Release|x64
		{F6292E39-590D-4D17-9786-D8B85505B5A7}.Release|Any CPU.Build.0 = Release|x64
		{F6292E39-590D-4D17-9786-D8B85505B5A7}.Release|Any CPU.Deploy.0 = Release|x64
		{F6292E39-590D-4D17-9786-D8B85505B5A7}.Release|ARM.ActiveCfg = Release|ARM
		{F6292E39-590D-4D17-9786-D8B85505B5A7}.Release|ARM.Build.0 = Release|ARM
		{F6292E39-590D-4D17-9786-D8B85505B5A7}.Release|ARM.Deploy.0 = Release|ARM
		{F6292E39-590D-4D17-9786-D8B85505B5A7}.Release|ARM64.ActiveCfg = Release|x64
		{F6292E39-590D-4D17-9786-D8B85505B5A7}.Release|x64.ActiveCfg = Release|x64
		{F6292E39-590D-4D17-9786-D8B85505B5A7}.Release|x64.Build.0 = Release|x64
		{F6292E39-590D-4D17-9786-D8B85505B5A7}.Release|x64.Deploy.0 = Release|x64
		{F6292E39-590D-4D17-9786-D8B85505B5A7}.Release|x86.ActiveCfg = Release|x86
		{F6292E39-590D-4D17-9786-D8B85505B5A7}.Release|x86.Build.0 = Release|x86
		{F6292E39-590D-4D17-9786-D8B85505B5A7}.Release|x86.Deploy.0 = Release|x86
		{2C0B0893-1C0B-4605-BB05-3B65028EADE6}.Debug|Any CPU.ActiveCfg = Debug|x64
		{2C0B0893-1C0B-4605-BB05-3B65028EADE6}.Debug|Any CPU.Build.0 = Debug|x64
		{2C0B0893-1C0B-4605-BB05-3B65028EADE6}.Debug|Any CPU.Deploy.0 = Debug|x64
		{2C0B0893-1C0B-4605-BB05-3B65028EADE6}.Debug|ARM.ActiveCfg = Debug|ARM
		{2C0B0893-1C0B-4605-BB05-3B65028EADE6}.Debug|ARM.Build.0 = Debug|ARM
		{2C0B0893-1C0B-4605-BB05-3B65028EADE6}.Debug|ARM.Deploy.0 = Debug|ARM
		{2C0B0893-1C0B-4605-BB05-3B65028EADE6}.Debug|ARM64.ActiveCfg = Debug|x64
		{2C0B0893-1C0B-4605-BB05-3B65028EADE6}.Debug|x64.ActiveCfg = Debug|x64
		{2C0B0893-1C0B-4605-BB05-3B65028EADE6}.Debug|x64.Build.0 = Debug|x64
		{2C0B0893-1C0B-4605-BB05-3B65028EADE6}.Debug|x64.Deploy.0 = Debug|x64
		{2C0B0893-1C0B-4605-BB05-3B65028EADE6}.Debug|x86.ActiveCfg = Debug|x86
		{2C0B0893-1C0B-4605-BB05-3B65028EADE6}.Debug|x86.Build.0 = Debug|x86
		{2C0B0893-1C0B-4605-BB05-3B65028EADE6}.Debug|x86.Deploy.0 = Debug|x86
		{2C0B0893-1C0B-4605-BB05-3B65028EADE6}.Release|Any CPU.ActiveCfg = Release|x64
		{2C0B0893-1C0B-4605-BB05-3B65028EADE6}.Release|Any CPU.Build.0 = Release|x64
		{2C0B0893-1C0B-4605-BB05-3B65028EADE6}.Release|Any CPU.Deploy.0 = Release|x64
		{2C0B0893-1C0B-4605-BB05-3B65028EADE6}.Release|ARM.ActiveCfg = Release|ARM
		{2C0B0893-1C0B-4605-BB05-3B65028EADE6}.Release|ARM.Build.0 = Release|ARM
		{2C0B0893-1C0B-4605-BB05-3B65028EADE6}.Release|ARM.Deploy.0 = Release|ARM
		{2C0B0893-1C0B-4605-BB05-3B65028EADE6}.Release|ARM64.ActiveCfg = Release|x64
		{2C0B0893-1C0B-4605-BB05-3B65028EADE6}.Release|x64.ActiveCfg = Release|x64
		{2C0B0893-1C0B-4605-BB05-3B65028EADE6}.Release|x64.Build.0 = Release|x64
		{2C0B0893-1C0B-4605-BB05-3B65028EADE6}.Release|x64.Deploy.0 = Release|x64
		{2C0B0893-1C0B-4605-BB05-3B65028EADE6}.Release|x86.ActiveCfg = Release|x86
		{2C0B0893-1C0B-4605-BB05-3B65028EADE6}.Release|x86.Build.0 = Release|x86
		{2C0B0893-1C0B-4605-BB05-3B65028EADE6}.Release|x86.Deploy.0 = Release|x86
		{B8EB9517-B929-4976-AB1D-3C8040038F93}.Debug|Any CPU.ActiveCfg = Debug|x64
		{B8EB9517-B929-4976-AB1D-3C8040038F93}.Debug|Any CPU.Build.0 = Debug|x64
		{B8EB9517-B929-4976-AB1D-3C8040038F93}.Debug|Any CPU.Deploy.0 = Debug|x64
		{B8EB9517-B929-4976-AB1D-3C8040038F93}.Debug|ARM.ActiveCfg = Debug|ARM
		{B8EB9517-B929-4976-AB1D-3C8040038F93}.Debug|ARM.Build.0 = Debug|ARM
		{B8EB9517-B929-4976-AB1D-3C8040038F93}.Debug|ARM.Deploy.0 = Debug|ARM
		{B8EB9517-B929-4976-AB1D-3C8040038F93}.Debug|ARM64.ActiveCfg = Debug|x64
		{B8EB9517-B929-4976-AB1D-3C8040038F93}.Debug|x64.ActiveCfg = Debug|x64
		{B8EB9517-B929-4976-AB1D-3C8040038F93}.Debug|x64.Build.0 = Debug|x64
		{B8EB9517-B929-4976-AB1D-3C8040038F93}.Debug|x64.Deploy.0 = Debug|x64
		{B8EB9517-B929-4976-AB1D-3C8040038F93}.Debug|x86.ActiveCfg = Debug|x86
		{B8EB9517-B929-4976-AB1D-3C8040038F93}.Debug|x86.Build.0 = Debug|x86
		{B8EB9517-B929-4976-AB1D-3C8040038F93}.Debug|x86.Deploy.0 = Debug|x86
		{B8EB9517-B929-4976-AB1D-3C8040038F93}.Release|Any CPU.ActiveCfg = Release|x64
		{B8EB9517-B929-4976-AB1D-3C8040038F93}.Release|Any CPU.Build.0 = Release|x64
		{B8EB9517-B929-4976-AB1D-3C8040038F93}.Release|Any CPU.Deploy.0 = Release|x64
		{B8EB9517-B929-4976-AB1D-3C8040038F93}.Release|ARM.ActiveCfg = Release|ARM
		{B8EB9517-B929-4976-AB1D-3C8040038F93}.Release|ARM.Build.0 = Release|ARM
		{B8EB9517-B929-4976-AB1D-3C8040038F93}.Release|ARM.Deploy.0 = Release|ARM
		{B8EB9517-B929-4976-AB1D-3C8040038F93}.Release|ARM64.ActiveCfg = Release|x64
		{B8EB9517-B929-4976-AB1D-3C8040038F93}.Release|x64.ActiveCfg = Release|x64
		{B8EB9517-B929-4976-AB1D-3C8040038F93}.Release|x64.Build.0 = Release|x64
		{B8EB9517-B929-4976-AB1D-3C8040038F93}.Release|x64.Deploy.0 = Release|x64
		{B8EB9517-B929-4976-AB1D-3C8040038F93}.Release|x86.ActiveCfg = Release|x86
		{B8EB9517-B929-4976-AB1D-3C8040038F93}.Release|x86.Build.0 = Release|x86
		{B8EB9517-B929-4976-AB1D-3C8040038F93}.Release|x86.Deploy.0 = Release|x86
		{5CF99098-E6A0-4262-B2BF-047B899AB3EC}.Debug|Any CPU.ActiveCfg = Debug|x64
		{5CF99098-E6A0-4262-B2BF-047B899AB3EC}.Debug|Any CPU.Build.0 = Debug|x64
		{5CF99098-E6A0-4262-B2BF-047B899AB3EC}.Debug|Any CPU.Deploy.0 = Debug|x64
		{5CF99098-E6A0-4262-B2BF-047B899AB3EC}.Debug|ARM.ActiveCfg = Debug|ARM
		{5CF99098-E6A0-4262-B2BF-047B899AB3EC}.Debug|ARM.Build.0 = Debug|ARM
		{5CF99098-E6A0-4262-B2BF-047B899AB3EC}.Debug|ARM.Deploy.0 = Debug|ARM
		{5CF99098-E6A0-4262-B2BF-047B899AB3EC}.Debug|ARM64.ActiveCfg = Debug|x64
		{5CF99098-E6A0-4262-B2BF-047B899AB3EC}.Debug|ARM64.Build.0 = Debug|x64
		{5CF99098-E6A0-4262-B2BF-047B899AB3EC}.Debug|ARM64.Deploy.0 = Debug|x64
		{5CF99098-E6A0-4262-B2BF-047B899AB3EC}.Debug|x64.ActiveCfg = Debug|x64
		{5CF99098-E6A0-4262-B2BF-047B899AB3EC}.Debug|x64.Build.0 = Debug|x64
		{5CF99098-E6A0-4262-B2BF-047B899AB3EC}.Debug|x64.Deploy.0 = Debug|x64
		{5CF99098-E6A0-4262-B2BF-047B899AB3EC}.Debug|x86.ActiveCfg = Debug|x86
		{5CF99098-E6A0-4262-B2BF-047B899AB3EC}.Debug|x86.Build.0 = Debug|x86
		{5CF99098-E6A0-4262-B2BF-047B899AB3EC}.Debug|x86.Deploy.0 = Debug|x86
		{5CF99098-E6A0-4262-B2BF-047B899AB3EC}.Release|Any CPU.ActiveCfg = Release|x64
		{5CF99098-E6A0-4262-B2BF-047B899AB3EC}.Release|Any CPU.Build.0 = Release|x64
		{5CF99098-E6A0-4262-B2BF-047B899AB3EC}.Release|Any CPU.Deploy.0 = Release|x64
		{5CF99098-E6A0-4262-B2BF-047B899AB3EC}.Release|ARM.ActiveCfg = Release|ARM
		{5CF99098-E6A0-4262-B2BF-047B899AB3EC}.Release|ARM.Build.0 = Release|ARM
		{5CF99098-E6A0-4262-B2BF-047B899AB3EC}.Release|ARM.Deploy.0 = Release|ARM
		{5CF99098-E6A0-4262-B2BF-047B899AB3EC}.Release|ARM64.ActiveCfg = Release|x64
		{5CF99098-E6A0-4262-B2BF-047B899AB3EC}.Release|ARM64.Build.0 = Release|x64
		{5CF99098-E6A0-4262-B2BF-047B899AB3EC}.Release|ARM64.Deploy.0 = Release|x64
		{5CF99098-E6A0-4262-B2BF-047B899AB3EC}.Release|x64.ActiveCfg = Release|x64
		{5CF99098-E6A0-4262-B2BF-047B899AB3EC}.Release|x64.Build.0 = Release|x64
		{5CF99098-E6A0-4262-B2BF-047B899AB3EC}.Release|x64.Deploy.0 = Release|x64
		{5CF99098-E6A0-4262-B2BF-047B899AB3EC}.Release|x86.ActiveCfg = Release|x86
		{5CF99098-E6A0-4262-B2BF-047B899AB3EC}.Release|x86.Build.0 = Release|x86
		{5CF99098-E6A0-4262-B2BF-047B899AB3EC}.Release|x86.Deploy.0 = Release|x86
		{77935B1E-738C-44ED-9B6C-49D24F795FF0}.Debug|Any CPU.ActiveCfg = Debug|x64
		{77935B1E-738C-44ED-9B6C-49D24F795FF0}.Debug|Any CPU.Build.0 = Debug|x64
		{77935B1E-738C-44ED-9B6C-49D24F795FF0}.Debug|Any CPU.Deploy.0 = Debug|x64
		{77935B1E-738C-44ED-9B6C-49D24F795FF0}.Debug|ARM.ActiveCfg = Debug|ARM
		{77935B1E-738C-44ED-9B6C-49D24F795FF0}.Debug|ARM.Build.0 = Debug|ARM
		{77935B1E-738C-44ED-9B6C-49D24F795FF0}.Debug|ARM.Deploy.0 = Debug|ARM
		{77935B1E-738C-44ED-9B6C-49D24F795FF0}.Debug|ARM64.ActiveCfg = Debug|x64
		{77935B1E-738C-44ED-9B6C-49D24F795FF0}.Debug|x64.ActiveCfg = Debug|x64
		{77935B1E-738C-44ED-9B6C-49D24F795FF0}.Debug|x64.Build.0 = Debug|x64
		{77935B1E-738C-44ED-9B6C-49D24F795FF0}.Debug|x64.Deploy.0 = Debug|x64
		{77935B1E-738C-44ED-9B6C-49D24F795FF0}.Debug|x86.ActiveCfg = Debug|x86
		{77935B1E-738C-44ED-9B6C-49D24F795FF0}.Debug|x86.Build.0 = Debug|x86
		{77935B1E-738C-44ED-9B6C-49D24F795FF0}.Debug|x86.Deploy.0 = Debug|x86
		{77935B1E-738C-44ED-9B6C-49D24F795FF0}.Release|Any CPU.ActiveCfg = Release|x64
		{77935B1E-738C-44ED-9B6C-49D24F795FF0}.Release|Any CPU.Build.0 = Release|x64
		{77935B1E-738C-44ED-9B6C-49D24F795FF0}.Release|Any CPU.Deploy.0 = Release|x64
		{77935B1E-738C-44ED-9B6C-49D24F795FF0}.Release|ARM.ActiveCfg = Release|ARM
		{77935B1E-738C-44ED-9B6C-49D24F795FF0}.Release|ARM.Build.0 = Release|ARM
		{77935B1E-738C-44ED-9B6C-49D24F795FF0}.Release|ARM.Deploy.0 = Release|ARM
		{77935B1E-738C-44ED-9B6C-49D24F795FF0}.Release|ARM64.ActiveCfg = Release|x64
		{77935B1E-738C-44ED-9B6C-49D24F795FF0}.Release|x64.ActiveCfg = Release|x64
		{77935B1E-738C-44ED-9B6C-49D24F795FF0}.Release|x64.Build.0 = Release|x64
		{77935B1E-738C-44ED-9B6C-49D24F795FF0}.Release|x64.Deploy.0 = Release|x64
		{77935B1E-738C-44ED-9B6C-49D24F795FF0}.Release|x86.ActiveCfg = Release|x86
		{77935B1E-738C-44ED-9B6C-49D24F795FF0}.Release|x86.Build.0 = Release|x86
		{77935B1E-738C-44ED-9B6C-49D24F795FF0}.Release|x86.Deploy.0 = Release|x86
		{67F00487-A0CB-43B6-BB1F-BC0B3AB704AB}.Debug|Any CPU.ActiveCfg = Debug|x64
		{67F00487-A0CB-43B6-BB1F-BC0B3AB704AB}.Debug|Any CPU.Build.0 = Debug|x64
		{67F00487-A0CB-43B6-BB1F-BC0B3AB704AB}.Debug|Any CPU.Deploy.0 = Debug|x64
		{67F00487-A0CB-43B6-BB1F-BC0B3AB704AB}.Debug|ARM.ActiveCfg = Debug|ARM
		{67F00487-A0CB-43B6-BB1F-BC0B3AB704AB}.Debug|ARM.Build.0 = Debug|ARM
		{67F00487-A0CB-43B6-BB1F-BC0B3AB704AB}.Debug|ARM.Deploy.0 = Debug|ARM
		{67F00487-A0CB-43B6-BB1F-BC0B3AB704AB}.Debug|ARM64.ActiveCfg = Debug|x64
		{67F00487-A0CB-43B6-BB1F-BC0B3AB704AB}.Debug|x64.ActiveCfg = Debug|x64
		{67F00487-A0CB-43B6-BB1F-BC0B3AB704AB}.Debug|x64.Build.0 = Debug|x64
		{67F00487-A0CB-43B6-BB1F-BC0B3AB704AB}.Debug|x64.Deploy.0 = Debug|x64
		{67F00487-A0CB-43B6-BB1F-BC0B3AB704AB}.Debug|x86.ActiveCfg = Debug|x86
		{67F00487-A0CB-43B6-BB1F-BC0B3AB704AB}.Debug|x86.Build.0 = Debug|x86
		{67F00487-A0CB-43B6-BB1F-BC0B3AB704AB}.Debug|x86.Deploy.0 = Debug|x86
		{67F00487-A0CB-43B6-BB1F-BC0B3AB704AB}.Release|Any CPU.ActiveCfg = Release|x64
		{67F00487-A0CB-43B6-BB1F-BC0B3AB704AB}.Release|Any CPU.Build.0 = Release|x64
		{67F00487-A0CB-43B6-BB1F-BC0B3AB704AB}.Release|Any CPU.Deploy.0 = Release|x64
		{67F00487-A0CB-43B6-BB1F-BC0B3AB704AB}.Release|ARM.ActiveCfg = Release|ARM
		{67F00487-A0CB-43B6-BB1F-BC0B3AB704AB}.Release|ARM.Build.0 = Release|ARM
		{67F00487-A0CB-43B6-BB1F-BC0B3AB704AB}.Release|ARM.Deploy.0 = Release|ARM
		{67F00487-A0CB-43B6-BB1F-BC0B3AB704AB}.Release|ARM64.ActiveCfg = Release|x64
		{67F00487-A0CB-43B6-BB1F-BC0B3AB704AB}.Release|x64.ActiveCfg = Release|x64
		{67F00487-A0CB-43B6-BB1F-BC0B3AB704AB}.Release|x64.Build.0 = Release|x64
		{67F00487-A0CB-43B6-BB1F-BC0B3AB704AB}.Release|x64.Deploy.0 = Release|x64
		{67F00487-A0CB-43B6-BB1F-BC0B3AB704AB}.Release|x86.ActiveCfg = Release|x86
		{67F00487-A0CB-43B6-BB1F-BC0B3AB704AB}.Release|x86.Build.0 = Release|x86
		{67F00487-A0CB-43B6-BB1F-BC0B3AB704AB}.Release|x86.Deploy.0 = Release|x86
		{7818B762-93FD-46BA-A206-BC6127F637D6}.Debug|Any CPU.ActiveCfg = Debug|x64
		{7818B762-93FD-46BA-A206-BC6127F637D6}.Debug|Any CPU.Build.0 = Debug|x64
		{7818B762-93FD-46BA-A206-BC6127F637D6}.Debug|Any CPU.Deploy.0 = Debug|x64
		{7818B762-93FD-46BA-A206-BC6127F637D6}.Debug|ARM.ActiveCfg = Debug|ARM
		{7818B762-93FD-46BA-A206-BC6127F637D6}.Debug|ARM.Build.0 = Debug|ARM
		{7818B762-93FD-46BA-A206-BC6127F637D6}.Debug|ARM.Deploy.0 = Debug|ARM
		{7818B762-93FD-46BA-A206-BC6127F637D6}.Debug|ARM64.ActiveCfg = Debug|x64
		{7818B762-93FD-46BA-A206-BC6127F637D6}.Debug|x64.ActiveCfg = Debug|x64
		{7818B762-93FD-46BA-A206-BC6127F637D6}.Debug|x64.Build.0 = Debug|x64
		{7818B762-93FD-46BA-A206-BC6127F637D6}.Debug|x64.Deploy.0 = Debug|x64
		{7818B762-93FD-46BA-A206-BC6127F637D6}.Debug|x86.ActiveCfg = Debug|x86
		{7818B762-93FD-46BA-A206-BC6127F637D6}.Debug|x86.Build.0 = Debug|x86
		{7818B762-93FD-46BA-A206-BC6127F637D6}.Debug|x86.Deploy.0 = Debug|x86
		{7818B762-93FD-46BA-A206-BC6127F637D6}.Release|Any CPU.ActiveCfg = Release|x64
		{7818B762-93FD-46BA-A206-BC6127F637D6}.Release|Any CPU.Build.0 = Release|x64
		{7818B762-93FD-46BA-A206-BC6127F637D6}.Release|Any CPU.Deploy.0 = Release|x64
		{7818B762-93FD-46BA-A206-BC6127F637D6}.Release|ARM.ActiveCfg = Release|ARM
		{7818B762-93FD-46BA-A206-BC6127F637D6}.Release|ARM.Build.0 = Release|ARM
		{7818B762-93FD-46BA-A206-BC6127F637D6}.Release|ARM.Deploy.0 = Release|ARM
		{7818B762-93FD-46BA-A206-BC6127F637D6}.Release|ARM64.ActiveCfg = Release|x64
		{7818B762-93FD-46BA-A206-BC6127F637D6}.Release|x64.ActiveCfg = Release|x64
		{7818B762-93FD-46BA-A206-BC6127F637D6}.Release|x64.Build.0 = Release|x64
		{7818B762-93FD-46BA-A206-BC6127F637D6}.Release|x64.Deploy.0 = Release|x64
		{7818B762-93FD-46BA-A206-BC6127F637D6}.Release|x86.ActiveCfg = Release|x86
		{7818B762-93FD-46BA-A206-BC6127F637D6}.Release|x86.Build.0 = Release|x86
		{7818B762-93FD-46BA-A206-BC6127F637D6}.Release|x86.Deploy.0 = Release|x86
		{659B6B9F-AB49-4215-B63D-F312DC5847C9}.Debug|Any CPU.ActiveCfg = Debug|x64
		{659B6B9F-AB49-4215-B63D-F312DC5847C9}.Debug|Any CPU.Build.0 = Debug|x64
		{659B6B9F-AB49-4215-B63D-F312DC5847C9}.Debug|Any CPU.Deploy.0 = Debug|x64
		{659B6B9F-AB49-4215-B63D-F312DC5847C9}.Debug|ARM.ActiveCfg = Debug|ARM
		{659B6B9F-AB49-4215-B63D-F312DC5847C9}.Debug|ARM.Build.0 = Debug|ARM
		{659B6B9F-AB49-4215-B63D-F312DC5847C9}.Debug|ARM.Deploy.0 = Debug|ARM
		{659B6B9F-AB49-4215-B63D-F312DC5847C9}.Debug|ARM64.ActiveCfg = Debug|x64
		{659B6B9F-AB49-4215-B63D-F312DC5847C9}.Debug|x64.ActiveCfg = Debug|x64
		{659B6B9F-AB49-4215-B63D-F312DC5847C9}.Debug|x64.Build.0 = Debug|x64
		{659B6B9F-AB49-4215-B63D-F312DC5847C9}.Debug|x64.Deploy.0 = Debug|x64
		{659B6B9F-AB49-4215-B63D-F312DC5847C9}.Debug|x86.ActiveCfg = Debug|x86
		{659B6B9F-AB49-4215-B63D-F312DC5847C9}.Debug|x86.Build.0 = Debug|x86
		{659B6B9F-AB49-4215-B63D-F312DC5847C9}.Debug|x86.Deploy.0 = Debug|x86
		{659B6B9F-AB49-4215-B63D-F312DC5847C9}.Release|Any CPU.ActiveCfg = Release|x64
		{659B6B9F-AB49-4215-B63D-F312DC5847C9}.Release|Any CPU.Build.0 = Release|x64
		{659B6B9F-AB49-4215-B63D-F312DC5847C9}.Release|Any CPU.Deploy.0 = Release|x64
		{659B6B9F-AB49-4215-B63D-F312DC5847C9}.Release|ARM.ActiveCfg = Release|ARM
		{659B6B9F-AB49-4215-B63D-F312DC5847C9}.Release|ARM.Build.0 = Release|ARM
		{659B6B9F-AB49-4215-B63D-F312DC5847C9}.Release|ARM.Deploy.0 = Release|ARM
		{659B6B9F-AB49-4215-B63D-F312DC5847C9}.Release|ARM64.ActiveCfg = Release|x64
		{659B6B9F-AB49-4215-B63D-F312DC5847C9}.Release|x64.ActiveCfg = Release|x64
		{659B6B9F-AB49-4215-B63D-F312DC5847C9}.Release|x64.Build.0 = Release|x64
		{659B6B9F-AB49-4215-B63D-F312DC5847C9}.Release|x64.Deploy.0 = Release|x64
		{659B6B9F-AB49-4215-B63D-F312DC5847C9}.Release|x86.ActiveCfg = Release|x86
		{659B6B9F-AB49-4215-B63D-F312DC5847C9}.Release|x86.Build.0 = Release|x86
		{659B6B9F-AB49-4215-B63D-F312DC5847C9}.Release|x86.Deploy.0 = Release|x86
		{A08B5FB4-2284-4A35-90B5-29298BCE7174}.Debug|Any CPU.ActiveCfg = Debug|x64
		{A08B5FB4-2284-4A35-90B5-29298BCE7174}.Debug|Any CPU.Build.0 = Debug|x64
		{A08B5FB4-2284-4A35-90B5-29298BCE7174}.Debug|Any CPU.Deploy.0 = Debug|x64
		{A08B5FB4-2284-4A35-90B5-29298BCE7174}.Debug|ARM.ActiveCfg = Debug|ARM
		{A08B5FB4-2284-4A35-90B5-29298BCE7174}.Debug|ARM.Build.0 = Debug|ARM
		{A08B5FB4-2284-4A35-90B5-29298BCE7174}.Debug|ARM.Deploy.0 = Debug|ARM
		{A08B5FB4-2284-4A35-90B5-29298BCE7174}.Debug|ARM64.ActiveCfg = Debug|x64
		{A08B5FB4-2284-4A35-90B5-29298BCE7174}.Debug|x64.ActiveCfg = Debug|x64
		{A08B5FB4-2284-4A35-90B5-29298BCE7174}.Debug|x64.Build.0 = Debug|x64
		{A08B5FB4-2284-4A35-90B5-29298BCE7174}.Debug|x64.Deploy.0 = Debug|x64
		{A08B5FB4-2284-4A35-90B5-29298BCE7174}.Debug|x86.ActiveCfg = Debug|x86
		{A08B5FB4-2284-4A35-90B5-29298BCE7174}.Debug|x86.Build.0 = Debug|x86
		{A08B5FB4-2284-4A35-90B5-29298BCE7174}.Debug|x86.Deploy.0 = Debug|x86
		{A08B5FB4-2284-4A35-90B5-29298BCE7174}.Release|Any CPU.ActiveCfg = Release|x64
		{A08B5FB4-2284-4A35-90B5-29298BCE7174}.Release|Any CPU.Build.0 = Release|x64
		{A08B5FB4-2284-4A35-90B5-29298BCE7174}.Release|Any CPU.Deploy.0 = Release|x64
		{A08B5FB4-2284-4A35-90B5-29298BCE7174}.Release|ARM.ActiveCfg = Release|ARM
		{A08B5FB4-2284-4A35-90B5-29298BCE7174}.Release|ARM.Build.0 = Release|ARM
		{A08B5FB4-2284-4A35-90B5-29298BCE7174}.Release|ARM.Deploy.0 = Release|ARM
		{A08B5FB4-2284-4A35-90B5-29298BCE7174}.Release|ARM64.ActiveCfg = Release|x64
		{A08B5FB4-2284-4A35-90B5-29298BCE7174}.Release|x64.ActiveCfg = Release|x64
		{A08B5FB4-2284-4A35-90B5-29298BCE7174}.Release|x64.Build.0 = Release|x64
		{A08B5FB4-2284-4A35-90B5-29298BCE7174}.Release|x64.Deploy.0 = Release|x64
		{A08B5FB4-2284-4A35-90B5-29298BCE7174}.Release|x86.ActiveCfg = Release|x86
		{A08B5FB4-2284-4A35-90B5-29298BCE7174}.Release|x86.Build.0 = Release|x86
		{A08B5FB4-2284-4A35-90B5-29298BCE7174}.Release|x86.Deploy.0 = Release|x86
		{6F02370D-96A5-40EF-9C93-91A53EF85344}.Debug|Any CPU.ActiveCfg = Debug|x64
		{6F02370D-96A5-40EF-9C93-91A53EF85344}.Debug|Any CPU.Build.0 = Debug|x64
		{6F02370D-96A5-40EF-9C93-91A53EF85344}.Debug|Any CPU.Deploy.0 = Debug|x64
		{6F02370D-96A5-40EF-9C93-91A53EF85344}.Debug|ARM.ActiveCfg = Debug|ARM
		{6F02370D-96A5-40EF-9C93-91A53EF85344}.Debug|ARM.Build.0 = Debug|ARM
		{6F02370D-96A5-40EF-9C93-91A53EF85344}.Debug|ARM.Deploy.0 = Debug|ARM
		{6F02370D-96A5-40EF-9C93-91A53EF85344}.Debug|ARM64.ActiveCfg = Debug|x64
		{6F02370D-96A5-40EF-9C93-91A53EF85344}.Debug|x64.ActiveCfg = Debug|x64
		{6F02370D-96A5-40EF-9C93-91A53EF85344}.Debug|x64.Build.0 = Debug|x64
		{6F02370D-96A5-40EF-9C93-91A53EF85344}.Debug|x64.Deploy.0 = Debug|x64
		{6F02370D-96A5-40EF-9C93-91A53EF85344}.Debug|x86.ActiveCfg = Debug|x86
		{6F02370D-96A5-40EF-9C93-91A53EF85344}.Debug|x86.Build.0 = Debug|x86
		{6F02370D-96A5-40EF-9C93-91A53EF85344}.Debug|x86.Deploy.0 = Debug|x86
		{6F02370D-96A5-40EF-9C93-91A53EF85344}.Release|Any CPU.ActiveCfg = Release|x64
		{6F02370D-96A5-40EF-9C93-91A53EF85344}.Release|Any CPU.Build.0 = Release|x64
		{6F02370D-96A5-40EF-9C93-91A53EF85344}.Release|Any CPU.Deploy.0 = Release|x64
		{6F02370D-96A5-40EF-9C93-91A53EF85344}.Release|ARM.ActiveCfg = Release|ARM
		{6F02370D-96A5-40EF-9C93-91A53EF85344}.Release|ARM.Build.0 = Release|ARM
		{6F02370D-96A5-40EF-9C93-91A53EF85344}.Release|ARM.Deploy.0 = Release|ARM
		{6F02370D-96A5-40EF-9C93-91A53EF85344}.Release|ARM64.ActiveCfg = Release|x64
		{6F02370D-96A5-40EF-9C93-91A53EF85344}.Release|x64.ActiveCfg = Release|x64
		{6F02370D-96A5-40EF-9C93-91A53EF85344}.Release|x64.Build.0 = Release|x64
		{6F02370D-96A5-40EF-9C93-91A53EF85344}.Release|x64.Deploy.0 = Release|x64
		{6F02370D-96A5-40EF-9C93-91A53EF85344}.Release|x86.ActiveCfg = Release|x86
		{6F02370D-96A5-40EF-9C93-91A53EF85344}.Release|x86.Build.0 = Release|x86
		{6F02370D-96A5-40EF-9C93-91A53EF85344}.Release|x86.Deploy.0 = Release|x86
		{A1336E5C-9027-425D-8B34-1F81DBA981B6}.Debug|Any CPU.ActiveCfg = Debug|x64
		{A1336E5C-9027-425D-8B34-1F81DBA981B6}.Debug|Any CPU.Build.0 = Debug|x64
		{A1336E5C-9027-425D-8B34-1F81DBA981B6}.Debug|Any CPU.Deploy.0 = Debug|x64
		{A1336E5C-9027-425D-8B34-1F81DBA981B6}.Debug|ARM.ActiveCfg = Debug|ARM
		{A1336E5C-9027-425D-8B34-1F81DBA981B6}.Debug|ARM.Build.0 = Debug|ARM
		{A1336E5C-9027-425D-8B34-1F81DBA981B6}.Debug|ARM.Deploy.0 = Debug|ARM
		{A1336E5C-9027-425D-8B34-1F81DBA981B6}.Debug|ARM64.ActiveCfg = Debug|x64
		{A1336E5C-9027-425D-8B34-1F81DBA981B6}.Debug|ARM64.Build.0 = Debug|x64
		{A1336E5C-9027-425D-8B34-1F81DBA981B6}.Debug|ARM64.Deploy.0 = Debug|x64
		{A1336E5C-9027-425D-8B34-1F81DBA981B6}.Debug|x64.ActiveCfg = Debug|x64
		{A1336E5C-9027-425D-8B34-1F81DBA981B6}.Debug|x64.Build.0 = Debug|x64
		{A1336E5C-9027-425D-8B34-1F81DBA981B6}.Debug|x64.Deploy.0 = Debug|x64
		{A1336E5C-9027-425D-8B34-1F81DBA981B6}.Debug|x86.ActiveCfg = Debug|x86
		{A1336E5C-9027-425D-8B34-1F81DBA981B6}.Debug|x86.Build.0 = Debug|x86
		{A1336E5C-9027-425D-8B34-1F81DBA981B6}.Debug|x86.Deploy.0 = Debug|x86
		{A1336E5C-9027-425D-8B34-1F81DBA981B6}.Release|Any CPU.ActiveCfg = Release|x64
		{A1336E5C-9027-425D-8B34-1F81DBA981B6}.Release|Any CPU.Build.0 = Release|x64
		{A1336E5C-9027-425D-8B34-1F81DBA981B6}.Release|Any CPU.Deploy.0 = Release|x64
		{A1336E5C-9027-425D-8B34-1F81DBA981B6}.Release|ARM.ActiveCfg = Release|ARM
		{A1336E5C-9027-425D-8B34-1F81DBA981B6}.Release|ARM.Build.0 = Release|ARM
		{A1336E5C-9027-425D-8B34-1F81DBA981B6}.Release|ARM.Deploy.0 = Release|ARM
		{A1336E5C-9027-425D-8B34-1F81DBA981B6}.Release|ARM64.ActiveCfg = Release|x64
		{A1336E5C-9027-425D-8B34-1F81DBA981B6}.Release|ARM64.Build.0 = Release|x64
		{A1336E5C-9027-425D-8B34-1F81DBA981B6}.Release|ARM64.Deploy.0 = Release|x64
		{A1336E5C-9027-425D-8B34-1F81DBA981B6}.Release|x64.ActiveCfg = Release|x64
		{A1336E5C-9027-425D-8B34-1F81DBA981B6}.Release|x64.Build.0 = Release|x64
		{A1336E5C-9027-425D-8B34-1F81DBA981B6}.Release|x64.Deploy.0 = Release|x64
		{A1336E5C-9027-425D-8B34-1F81DBA981B6}.Release|x86.ActiveCfg = Release|x86
		{A1336E5C-9027-425D-8B34-1F81DBA981B6}.Release|x86.Build.0 = Release|x86
		{A1336E5C-9027-425D-8B34-1F81DBA981B6}.Release|x86.Deploy.0 = Release|x86
		{C49F6943-5ADC-4478-B407-B25175BB5C05}.Debug|Any CPU.ActiveCfg = Debug|x64
		{C49F6943-5ADC-4478-B407-B25175BB5C05}.Debug|Any CPU.Build.0 = Debug|x64
		{C49F6943-5ADC-4478-B407-B25175BB5C05}.Debug|Any CPU.Deploy.0 = Debug|x64
		{C49F6943-5ADC-4478-B407-B25175BB5C05}.Debug|ARM.ActiveCfg = Debug|ARM
		{C49F6943-5ADC-4478-B407-B25175BB5C05}.Debug|ARM.Build.0 = Debug|ARM
		{C49F6943-5ADC-4478-B407-B25175BB5C05}.Debug|ARM.Deploy.0 = Debug|ARM
		{C49F6943-5ADC-4478-B407-B25175BB5C05}.Debug|ARM64.ActiveCfg = Debug|x64
		{C49F6943-5ADC-4478-B407-B25175BB5C05}.Debug|ARM64.Build.0 = Debug|x64
		{C49F6943-5ADC-4478-B407-B25175BB5C05}.Debug|ARM64.Deploy.0 = Debug|x64
		{C49F6943-5ADC-4478-B407-B25175BB5C05}.Debug|x64.ActiveCfg = Debug|x64
		{C49F6943-5ADC-4478-B407-B25175BB5C05}.Debug|x64.Build.0 = Debug|x64
		{C49F6943-5ADC-4478-B407-B25175BB5C05}.Debug|x64.Deploy.0 = Debug|x64
		{C49F6943-5ADC-4478-B407-B25175BB5C05}.Debug|x86.ActiveCfg = Debug|x86
		{C49F6943-5ADC-4478-B407-B25175BB5C05}.Debug|x86.Build.0 = Debug|x86
		{C49F6943-5ADC-4478-B407-B25175BB5C05}.Debug|x86.Deploy.0 = Debug|x86
		{C49F6943-5ADC-4478-B407-B25175BB5C05}.Release|Any CPU.ActiveCfg = Release|x64
		{C49F6943-5ADC-4478-B407-B25175BB5C05}.Release|Any CPU.Build.0 = Release|x64
		{C49F6943-5ADC-4478-B407-B25175BB5C05}.Release|Any CPU.Deploy.0 = Release|x64
		{C49F6943-5ADC-4478-B407-B25175BB5C05}.Release|ARM.ActiveCfg = Release|ARM
		{C49F6943-5ADC-4478-B407-B25175BB5C05}.Release|ARM.Build.0 = Release|ARM
		{C49F6943-5ADC-4478-B407-B25175BB5C05}.Release|ARM.Deploy.0 = Release|ARM
		{C49F6943-5ADC-4478-B407-B25175BB5C05}.Release|ARM64.ActiveCfg = Release|x64
		{C49F6943-5ADC-4478-B407-B25175BB5C05}.Release|ARM64.Build.0 = Release|x64
		{C49F6943-5ADC-4478-B407-B25175BB5C05}.Release|ARM64.Deploy.0 = Release|x64
		{C49F6943-5ADC-4478-B407-B25175BB5C05}.Release|x64.ActiveCfg = Release|x64
		{C49F6943-5ADC-4478-B407-B25175BB5C05}.Release|x64.Build.0 = Release|x64
		{C49F6943-5ADC-4478-B407-B25175BB5C05}.Release|x64.Deploy.0 = Release|x64
		{C49F6943-5ADC-4478-B407-B25175BB5C05}.Release|x86.ActiveCfg = Release|x86
		{C49F6943-5ADC-4478-B407-B25175BB5C05}.Release|x86.Build.0 = Release|x86
		{C49F6943-5ADC-4478-B407-B25175BB5C05}.Release|x86.Deploy.0 = Release|x86
		{2716ECB5-5968-46AD-A7B7-59FA1B88FC6B}.Debug|Any CPU.ActiveCfg = Debug|x64
		{2716ECB5-5968-46AD-A7B7-59FA1B88FC6B}.Debug|Any CPU.Build.0 = Debug|x64
		{2716ECB5-5968-46AD-A7B7-59FA1B88FC6B}.Debug|Any CPU.Deploy.0 = Debug|x64
		{2716ECB5-5968-46AD-A7B7-59FA1B88FC6B}.Debug|ARM.ActiveCfg = Debug|ARM
		{2716ECB5-5968-46AD-A7B7-59FA1B88FC6B}.Debug|ARM.Build.0 = Debug|ARM
		{2716ECB5-5968-46AD-A7B7-59FA1B88FC6B}.Debug|ARM.Deploy.0 = Debug|ARM
		{2716ECB5-5968-46AD-A7B7-59FA1B88FC6B}.Debug|ARM64.ActiveCfg = Debug|x64
		{2716ECB5-5968-46AD-A7B7-59FA1B88FC6B}.Debug|ARM64.Build.0 = Debug|x64
		{2716ECB5-5968-46AD-A7B7-59FA1B88FC6B}.Debug|ARM64.Deploy.0 = Debug|x64
		{2716ECB5-5968-46AD-A7B7-59FA1B88FC6B}.Debug|x64.ActiveCfg = Debug|x64
		{2716ECB5-5968-46AD-A7B7-59FA1B88FC6B}.Debug|x64.Build.0 = Debug|x64
		{2716ECB5-5968-46AD-A7B7-59FA1B88FC6B}.Debug|x64.Deploy.0 = Debug|x64
		{2716ECB5-5968-46AD-A7B7-59FA1B88FC6B}.Debug|x86.ActiveCfg = Debug|x86
		{2716ECB5-5968-46AD-A7B7-59FA1B88FC6B}.Debug|x86.Build.0 = Debug|x86
		{2716ECB5-5968-46AD-A7B7-59FA1B88FC6B}.Debug|x86.Deploy.0 = Debug|x86
		{2716ECB5-5968-46AD-A7B7-59FA1B88FC6B}.Release|Any CPU.ActiveCfg = Release|x64
		{2716ECB5-5968-46AD-A7B7-59FA1B88FC6B}.Release|Any CPU.Build.0 = Release|x64
		{2716ECB5-5968-46AD-A7B7-59FA1B88FC6B}.Release|Any CPU.Deploy.0 = Release|x64
		{2716ECB5-5968-46AD-A7B7-59FA1B88FC6B}.Release|ARM.ActiveCfg = Release|ARM
		{2716ECB5-5968-46AD-A7B7-59FA1B88FC6B}.Release|ARM.Build.0 = Release|ARM
		{2716ECB5-5968-46AD-A7B7-59FA1B88FC6B}.Release|ARM.Deploy.0 = Release|ARM
		{2716ECB5-5968-46AD-A7B7-59FA1B88FC6B}.Release|ARM64.ActiveCfg = Release|x64
		{2716ECB5-5968-46AD-A7B7-59FA1B88FC6B}.Release|ARM64.Build.0 = Release|x64
		{2716ECB5-5968-46AD-A7B7-59FA1B88FC6B}.Release|ARM64.Deploy.0 = Release|x64
		{2716ECB5-5968-46AD-A7B7-59FA1B88FC6B}.Release|x64.ActiveCfg = Release|x64
		{2716ECB5-5968-46AD-A7B7-59FA1B88FC6B}.Release|x64.Build.0 = Release|x64
		{2716ECB5-5968-46AD-A7B7-59FA1B88FC6B}.Release|x64.Deploy.0 = Release|x64
		{2716ECB5-5968-46AD-A7B7-59FA1B88FC6B}.Release|x86.ActiveCfg = Release|x86
		{2716ECB5-5968-46AD-A7B7-59FA1B88FC6B}.Release|x86.Build.0 = Release|x86
		{2716ECB5-5968-46AD-A7B7-59FA1B88FC6B}.Release|x86.Deploy.0 = Release|x86
		{B12A5F01-737D-4D0E-8962-E0AEF2AB83F9}.Debug|Any CPU.ActiveCfg = Debug|x64
		{B12A5F01-737D-4D0E-8962-E0AEF2AB83F9}.Debug|Any CPU.Build.0 = Debug|x64
		{B12A5F01-737D-4D0E-8962-E0AEF2AB83F9}.Debug|Any CPU.Deploy.0 = Debug|x64
		{B12A5F01-737D-4D0E-8962-E0AEF2AB83F9}.Debug|ARM.ActiveCfg = Debug|ARM
		{B12A5F01-737D-4D0E-8962-E0AEF2AB83F9}.Debug|ARM.Build.0 = Debug|ARM
		{B12A5F01-737D-4D0E-8962-E0AEF2AB83F9}.Debug|ARM.Deploy.0 = Debug|ARM
		{B12A5F01-737D-4D0E-8962-E0AEF2AB83F9}.Debug|ARM64.ActiveCfg = Debug|x64
		{B12A5F01-737D-4D0E-8962-E0AEF2AB83F9}.Debug|ARM64.Build.0 = Debug|x64
		{B12A5F01-737D-4D0E-8962-E0AEF2AB83F9}.Debug|ARM64.Deploy.0 = Debug|x64
		{B12A5F01-737D-4D0E-8962-E0AEF2AB83F9}.Debug|x64.ActiveCfg = Debug|x64
		{B12A5F01-737D-4D0E-8962-E0AEF2AB83F9}.Debug|x64.Build.0 = Debug|x64
		{B12A5F01-737D-4D0E-8962-E0AEF2AB83F9}.Debug|x64.Deploy.0 = Debug|x64
		{B12A5F01-737D-4D0E-8962-E0AEF2AB83F9}.Debug|x86.ActiveCfg = Debug|x86
		{B12A5F01-737D-4D0E-8962-E0AEF2AB83F9}.Debug|x86.Build.0 = Debug|x86
		{B12A5F01-737D-4D0E-8962-E0AEF2AB83F9}.Debug|x86.Deploy.0 = Debug|x86
		{B12A5F01-737D-4D0E-8962-E0AEF2AB83F9}.Release|Any CPU.ActiveCfg = Release|x64
		{B12A5F01-737D-4D0E-8962-E0AEF2AB83F9}.Release|Any CPU.Build.0 = Release|x64
		{B12A5F01-737D-4D0E-8962-E0AEF2AB83F9}.Release|Any CPU.Deploy.0 = Release|x64
		{B12A5F01-737D-4D0E-8962-E0AEF2AB83F9}.Release|ARM.ActiveCfg = Release|ARM
		{B12A5F01-737D-4D0E-8962-E0AEF2AB83F9}.Release|ARM.Build.0 = Release|ARM
		{B12A5F01-737D-4D0E-8962-E0AEF2AB83F9}.Release|ARM.Deploy.0 = Release|ARM
		{B12A5F01-737D-4D0E-8962-E0AEF2AB83F9}.Release|ARM64.ActiveCfg = Release|x64
		{B12A5F01-737D-4D0E-8962-E0AEF2AB83F9}.Release|ARM64.Build.0 = Release|x64
		{B12A5F01-737D-4D0E-8962-E0AEF2AB83F9}.Release|ARM64.Deploy.0 = Release|x64
		{B12A5F01-737D-4D0E-8962-E0AEF2AB83F9}.Release|x64.ActiveCfg = Release|x64
		{B12A5F01-737D-4D0E-8962-E0AEF2AB83F9}.Release|x64.Build.0 = Release|x64
		{B12A5F01-737D-4D0E-8962-E0AEF2AB83F9}.Release|x64.Deploy.0 = Release|x64
		{B12A5F01-737D-4D0E-8962-E0AEF2AB83F9}.Release|x86.ActiveCfg = Release|x86
		{B12A5F01-737D-4D0E-8962-E0AEF2AB83F9}.Release|x86.Build.0 = Release|x86
		{B12A5F01-737D-4D0E-8962-E0AEF2AB83F9}.Release|x86.Deploy.0 = Release|x86
		{EC2B5298-CF9A-4785-AD64-F09C3FFD2047}.Debug|Any CPU.ActiveCfg = Debug|x64
		{EC2B5298-CF9A-4785-AD64-F09C3FFD2047}.Debug|Any CPU.Build.0 = Debug|x64
		{EC2B5298-CF9A-4785-AD64-F09C3FFD2047}.Debug|Any CPU.Deploy.0 = Debug|x64
		{EC2B5298-CF9A-4785-AD64-F09C3FFD2047}.Debug|ARM.ActiveCfg = Debug|ARM
		{EC2B5298-CF9A-4785-AD64-F09C3FFD2047}.Debug|ARM.Build.0 = Debug|ARM
		{EC2B5298-CF9A-4785-AD64-F09C3FFD2047}.Debug|ARM.Deploy.0 = Debug|ARM
		{EC2B5298-CF9A-4785-AD64-F09C3FFD2047}.Debug|ARM64.ActiveCfg = Debug|x64
		{EC2B5298-CF9A-4785-AD64-F09C3FFD2047}.Debug|ARM64.Build.0 = Debug|x64
		{EC2B5298-CF9A-4785-AD64-F09C3FFD2047}.Debug|ARM64.Deploy.0 = Debug|x64
		{EC2B5298-CF9A-4785-AD64-F09C3FFD2047}.Debug|x64.ActiveCfg = Debug|x64
		{EC2B5298-CF9A-4785-AD64-F09C3FFD2047}.Debug|x64.Build.0 = Debug|x64
		{EC2B5298-CF9A-4785-AD64-F09C3FFD2047}.Debug|x64.Deploy.0 = Debug|x64
		{EC2B5298-CF9A-4785-AD64-F09C3FFD2047}.Debug|x86.ActiveCfg = Debug|x86
		{EC2B5298-CF9A-4785-AD64-F09C3FFD2047}.Debug|x86.Build.0 = Debug|x86
		{EC2B5298-CF9A-4785-AD64-F09C3FFD2047}.Debug|x86.Deploy.0 = Debug|x86
		{EC2B5298-CF9A-4785-AD64-F09C3FFD2047}.Release|Any CPU.ActiveCfg = Release|x64
		{EC2B5298-CF9A-4785-AD64-F09C3FFD2047}.Release|Any CPU.Build.0 = Release|x64
		{EC2B5298-CF9A-4785-AD64-F09C3FFD2047}.Release|Any CPU.Deploy.0 = Release|x64
		{EC2B5298-CF9A-4785-AD64-F09C3FFD2047}.Release|ARM.ActiveCfg = Release|ARM
		{EC2B5298-CF9A-4785-AD64-F09C3FFD2047}.Release|ARM.Build.0 = Release|ARM
		{EC2B5298-CF9A-4785-AD64-F09C3FFD2047}.Release|ARM.Deploy.0 = Release|ARM
		{EC2B5298-CF9A-4785-AD64-F09C3FFD2047}.Release|ARM64.ActiveCfg = Release|x64
		{EC2B5298-CF9A-4785-AD64-F09C3FFD2047}.Release|ARM64.Build.0 = Release|x64
		{EC2B5298-CF9A-4785-AD64-F09C3FFD2047}.Release|ARM64.Deploy.0 = Release|x64
		{EC2B5298-CF9A-4785-AD64-F09C3FFD2047}.Release|x64.ActiveCfg = Release|x64
		{EC2B5298-CF9A-4785-AD64-F09C3FFD2047}.Release|x64.Build.0 = Release|x64
		{EC2B5298-CF9A-4785-AD64-F09C3FFD2047}.Release|x64.Deploy.0 = Release|x64
		{EC2B5298-CF9A-4785-AD64-F09C3FFD2047}.Release|x86.ActiveCfg = Release|x86
		{EC2B5298-CF9A-4785-AD64-F09C3FFD2047}.Release|x86.Build.0 = Release|x86
		{EC2B5298-CF9A-4785-AD64-F09C3FFD2047}.Release|x86.Deploy.0 = Release|x86
		{C674855C-C3B1-481F-8B88-0EB4AA30DCCA}.Debug|Any CPU.ActiveCfg = Debug|x64
		{C674855C-C3B1-481F-8B88-0EB4AA30DCCA}.Debug|Any CPU.Build.0 = Debug|x64
		{C674855C-C3B1-481F-8B88-0EB4AA30DCCA}.Debug|Any CPU.Deploy.0 = Debug|x64
		{C674855C-C3B1-481F-8B88-0EB4AA30DCCA}.Debug|ARM.ActiveCfg = Debug|ARM
		{C674855C-C3B1-481F-8B88-0EB4AA30DCCA}.Debug|ARM.Build.0 = Debug|ARM
		{C674855C-C3B1-481F-8B88-0EB4AA30DCCA}.Debug|ARM.Deploy.0 = Debug|ARM
		{C674855C-C3B1-481F-8B88-0EB4AA30DCCA}.Debug|ARM64.ActiveCfg = Debug|x64
		{C674855C-C3B1-481F-8B88-0EB4AA30DCCA}.Debug|ARM64.Build.0 = Debug|x64
		{C674855C-C3B1-481F-8B88-0EB4AA30DCCA}.Debug|ARM64.Deploy.0 = Debug|x64
		{C674855C-C3B1-481F-8B88-0EB4AA30DCCA}.Debug|x64.ActiveCfg = Debug|x64
		{C674855C-C3B1-481F-8B88-0EB4AA30DCCA}.Debug|x64.Build.0 = Debug|x64
		{C674855C-C3B1-481F-8B88-0EB4AA30DCCA}.Debug|x64.Deploy.0 = Debug|x64
		{C674855C-C3B1-481F-8B88-0EB4AA30DCCA}.Debug|x86.ActiveCfg = Debug|x86
		{C674855C-C3B1-481F-8B88-0EB4AA30DCCA}.Debug|x86.Build.0 = Debug|x86
		{C674855C-C3B1-481F-8B88-0EB4AA30DCCA}.Debug|x86.Deploy.0 = Debug|x86
		{C674855C-C3B1-481F-8B88-0EB4AA30DCCA}.Release|Any CPU.ActiveCfg = Release|x64
		{C674855C-C3B1-481F-8B88-0EB4AA30DCCA}.Release|Any CPU.Build.0 = Release|x64
		{C674855C-C3B1-481F-8B88-0EB4AA30DCCA}.Release|Any CPU.Deploy.0 = Release|x64
		{C674855C-C3B1-481F-8B88-0EB4AA30DCCA}.Release|ARM.ActiveCfg = Release|ARM
		{C674855C-C3B1-481F-8B88-0EB4AA30DCCA}.Release|ARM.Build.0 = Release|ARM
		{C674855C-C3B1-481F-8B88-0EB4AA30DCCA}.Release|ARM.Deploy.0 = Release|ARM
		{C674855C-C3B1-481F-8B88-0EB4AA30DCCA}.Release|ARM64.ActiveCfg = Release|x64
		{C674855C-C3B1-481F-8B88-0EB4AA30DCCA}.Release|ARM64.Build.0 = Release|x64
		{C674855C-C3B1-481F-8B88-0EB4AA30DCCA}.Release|ARM64.Deploy.0 = Release|x64
		{C674855C-C3B1-481F-8B88-0EB4AA30DCCA}.Release|x64.ActiveCfg = Release|x64
		{C674855C-C3B1-481F-8B88-0EB4AA30DCCA}.Release|x64.Build.0 = Release|x64
		{C674855C-C3B1-481F-8B88-0EB4AA30DCCA}.Release|x64.Deploy.0 = Release|x64
		{C674855C-C3B1-481F-8B88-0EB4AA30DCCA}.Release|x86.ActiveCfg = Release|x86
		{C674855C-C3B1-481F-8B88-0EB4AA30DCCA}.Release|x86.Build.0 = Release|x86
		{C674855C-C3B1-481F-8B88-0EB4AA30DCCA}.Release|x86.Deploy.0 = Release|x86
		{87838199-376B-4736-A92E-7105862395B0}.Debug|Any CPU.ActiveCfg = Debug|x64
		{87838199-376B-4736-A92E-7105862395B0}.Debug|Any CPU.Build.0 = Debug|x64
		{87838199-376B-4736-A92E-7105862395B0}.Debug|Any CPU.Deploy.0 = Debug|x64
		{87838199-376B-4736-A92E-7105862395B0}.Debug|ARM.ActiveCfg = Debug|ARM
		{87838199-376B-4736-A92E-7105862395B0}.Debug|ARM.Build.0 = Debug|ARM
		{87838199-376B-4736-A92E-7105862395B0}.Debug|ARM.Deploy.0 = Debug|ARM
		{87838199-376B-4736-A92E-7105862395B0}.Debug|ARM64.ActiveCfg = Debug|x64
		{87838199-376B-4736-A92E-7105862395B0}.Debug|ARM64.Build.0 = Debug|x64
		{87838199-376B-4736-A92E-7105862395B0}.Debug|ARM64.Deploy.0 = Debug|x64
		{87838199-376B-4736-A92E-7105862395B0}.Debug|x64.ActiveCfg = Debug|x64
		{87838199-376B-4736-A92E-7105862395B0}.Debug|x64.Build.0 = Debug|x64
		{87838199-376B-4736-A92E-7105862395B0}.Debug|x64.Deploy.0 = Debug|x64
		{87838199-376B-4736-A92E-7105862395B0}.Debug|x86.ActiveCfg = Debug|x86
		{87838199-376B-4736-A92E-7105862395B0}.Debug|x86.Build.0 = Debug|x86
		{87838199-376B-4736-A92E-7105862395B0}.Debug|x86.Deploy.0 = Debug|x86
		{87838199-376B-4736-A92E-7105862395B0}.Release|Any CPU.ActiveCfg = Release|x64
		{87838199-376B-4736-A92E-7105862395B0}.Release|Any CPU.Build.0 = Release|x64
		{87838199-376B-4736-A92E-7105862395B0}.Release|Any CPU.Deploy.0 = Release|x64
		{87838199-376B-4736-A92E-7105862395B0}.Release|ARM.ActiveCfg = Release|ARM
		{87838199-376B-4736-A92E-7105862395B0}.Release|ARM.Build.0 = Release|ARM
		{87838199-376B-4736-A92E-7105862395B0}.Release|ARM.Deploy.0 = Release|ARM
		{87838199-376B-4736-A92E-7105862395B0}.Release|ARM64.ActiveCfg = Release|x64
		{87838199-376B-4736-A92E-7105862395B0}.Release|ARM64.Build.0 = Release|x64
		{87838199-376B-4736-A92E-7105862395B0}.Release|ARM64.Deploy.0 = Release|x64
		{87838199-376B-4736-A92E-7105862395B0}.Release|x64.ActiveCfg = Release|x64
		{87838199-376B-4736-A92E-7105862395B0}.Release|x64.Build.0 = Release|x64
		{87838199-376B-4736-A92E-7105862395B0}.Release|x64.Deploy.0 = Release|x64
		{87838199-376B-4736-A92E-7105862395B0}.Release|x86.ActiveCfg = Release|x86
		{87838199-376B-4736-A92E-7105862395B0}.Release|x86.Build.0 = Release|x86
		{87838199-376B-4736-A92E-7105862395B0}.Release|x86.Deploy.0 = Release|x86
		{F91A1D27-8B68-4C88-9E32-40533CC73E2A}.Debug|Any CPU.ActiveCfg = Debug|x64
		{F91A1D27-8B68-4C88-9E32-40533CC73E2A}.Debug|Any CPU.Build.0 = Debug|x64
		{F91A1D27-8B68-4C88-9E32-40533CC73E2A}.Debug|Any CPU.Deploy.0 = Debug|x64
		{F91A1D27-8B68-4C88-9E32-40533CC73E2A}.Debug|ARM.ActiveCfg = Debug|ARM
		{F91A1D27-8B68-4C88-9E32-40533CC73E2A}.Debug|ARM.Build.0 = Debug|ARM
		{F91A1D27-8B68-4C88-9E32-40533CC73E2A}.Debug|ARM.Deploy.0 = Debug|ARM
		{F91A1D27-8B68-4C88-9E32-40533CC73E2A}.Debug|ARM64.ActiveCfg = Debug|x64
		{F91A1D27-8B68-4C88-9E32-40533CC73E2A}.Debug|ARM64.Build.0 = Debug|x64
		{F91A1D27-8B68-4C88-9E32-40533CC73E2A}.Debug|ARM64.Deploy.0 = Debug|x64
		{F91A1D27-8B68-4C88-9E32-40533CC73E2A}.Debug|x64.ActiveCfg = Debug|x64
		{F91A1D27-8B68-4C88-9E32-40533CC73E2A}.Debug|x64.Build.0 = Debug|x64
		{F91A1D27-8B68-4C88-9E32-40533CC73E2A}.Debug|x64.Deploy.0 = Debug|x64
		{F91A1D27-8B68-4C88-9E32-40533CC73E2A}.Debug|x86.ActiveCfg = Debug|x86
		{F91A1D27-8B68-4C88-9E32-40533CC73E2A}.Debug|x86.Build.0 = Debug|x86
		{F91A1D27-8B68-4C88-9E32-40533CC73E2A}.Debug|x86.Deploy.0 = Debug|x86
		{F91A1D27-8B68-4C88-9E32-40533CC73E2A}.Release|Any CPU.ActiveCfg = Release|x64
		{F91A1D27-8B68-4C88-9E32-40533CC73E2A}.Release|Any CPU.Build.0 = Release|x64
		{F91A1D27-8B68-4C88-9E32-40533CC73E2A}.Release|Any CPU.Deploy.0 = Release|x64
		{F91A1D27-8B68-4C88-9E32-40533CC73E2A}.Release|ARM.ActiveCfg = Release|ARM
		{F91A1D27-8B68-4C88-9E32-40533CC73E2A}.Release|ARM.Build.0 = Release|ARM
		{F91A1D27-8B68-4C88-9E32-40533CC73E2A}.Release|ARM.Deploy.0 = Release|ARM
		{F91A1D27-8B68-4C88-9E32-40533CC73E2A}.Release|ARM64.ActiveCfg = Release|x64
		{F91A1D27-8B68-4C88-9E32-40533CC73E2A}.Release|ARM64.Build.0 = Release|x64
		{F91A1D27-8B68-4C88-9E32-40533CC73E2A}.Release|ARM64.Deploy.0 = Release|x64
		{F91A1D27-8B68-4C88-9E32-40533CC73E2A}.Release|x64.ActiveCfg = Release|x64
		{F91A1D27-8B68-4C88-9E32-40533CC73E2A}.Release|x64.Build.0 = Release|x64
		{F91A1D27-8B68-4C88-9E32-40533CC73E2A}.Release|x64.Deploy.0 = Release|x64
		{F91A1D27-8B68-4C88-9E32-40533CC73E2A}.Release|x86.ActiveCfg = Release|x86
		{F91A1D27-8B68-4C88-9E32-40533CC73E2A}.Release|x86.Build.0 = Release|x86
		{F91A1D27-8B68-4C88-9E32-40533CC73E2A}.Release|x86.Deploy.0 = Release|x86
		{7D2A5936-3AD5-4A7A-AA9C-AC269B2CF515}.Debug|Any CPU.ActiveCfg = Debug|Any CPU
		{7D2A5936-3AD5-4A7A-AA9C-AC269B2CF515}.Debug|Any CPU.Build.0 = Debug|Any CPU
		{7D2A5936-3AD5-4A7A-AA9C-AC269B2CF515}.Debug|ARM.ActiveCfg = Debug|ARM
		{7D2A5936-3AD5-4A7A-AA9C-AC269B2CF515}.Debug|ARM.Build.0 = Debug|ARM
		{7D2A5936-3AD5-4A7A-AA9C-AC269B2CF515}.Debug|ARM64.ActiveCfg = Debug|ARM64
		{7D2A5936-3AD5-4A7A-AA9C-AC269B2CF515}.Debug|ARM64.Build.0 = Debug|ARM64
		{7D2A5936-3AD5-4A7A-AA9C-AC269B2CF515}.Debug|x64.ActiveCfg = Debug|x64
		{7D2A5936-3AD5-4A7A-AA9C-AC269B2CF515}.Debug|x64.Build.0 = Debug|x64
		{7D2A5936-3AD5-4A7A-AA9C-AC269B2CF515}.Debug|x86.ActiveCfg = Debug|x86
		{7D2A5936-3AD5-4A7A-AA9C-AC269B2CF515}.Debug|x86.Build.0 = Debug|x86
		{7D2A5936-3AD5-4A7A-AA9C-AC269B2CF515}.Release|Any CPU.ActiveCfg = Release|Any CPU
		{7D2A5936-3AD5-4A7A-AA9C-AC269B2CF515}.Release|Any CPU.Build.0 = Release|Any CPU
		{7D2A5936-3AD5-4A7A-AA9C-AC269B2CF515}.Release|ARM.ActiveCfg = Release|ARM
		{7D2A5936-3AD5-4A7A-AA9C-AC269B2CF515}.Release|ARM.Build.0 = Release|ARM
		{7D2A5936-3AD5-4A7A-AA9C-AC269B2CF515}.Release|ARM64.ActiveCfg = Release|ARM64
		{7D2A5936-3AD5-4A7A-AA9C-AC269B2CF515}.Release|ARM64.Build.0 = Release|ARM64
		{7D2A5936-3AD5-4A7A-AA9C-AC269B2CF515}.Release|x64.ActiveCfg = Release|x64
		{7D2A5936-3AD5-4A7A-AA9C-AC269B2CF515}.Release|x64.Build.0 = Release|x64
		{7D2A5936-3AD5-4A7A-AA9C-AC269B2CF515}.Release|x86.ActiveCfg = Release|x86
		{7D2A5936-3AD5-4A7A-AA9C-AC269B2CF515}.Release|x86.Build.0 = Release|x86
		{71D84DF6-B0DC-443A-9AE7-36EA1785254A}.Debug|Any CPU.ActiveCfg = Debug|x64
		{71D84DF6-B0DC-443A-9AE7-36EA1785254A}.Debug|Any CPU.Build.0 = Debug|x64
		{71D84DF6-B0DC-443A-9AE7-36EA1785254A}.Debug|Any CPU.Deploy.0 = Debug|x64
		{71D84DF6-B0DC-443A-9AE7-36EA1785254A}.Debug|ARM.ActiveCfg = Debug|ARM
		{71D84DF6-B0DC-443A-9AE7-36EA1785254A}.Debug|ARM.Build.0 = Debug|ARM
		{71D84DF6-B0DC-443A-9AE7-36EA1785254A}.Debug|ARM.Deploy.0 = Debug|ARM
		{71D84DF6-B0DC-443A-9AE7-36EA1785254A}.Debug|ARM64.ActiveCfg = Debug|x64
		{71D84DF6-B0DC-443A-9AE7-36EA1785254A}.Debug|ARM64.Build.0 = Debug|x64
		{71D84DF6-B0DC-443A-9AE7-36EA1785254A}.Debug|ARM64.Deploy.0 = Debug|x64
		{71D84DF6-B0DC-443A-9AE7-36EA1785254A}.Debug|x64.ActiveCfg = Debug|x64
		{71D84DF6-B0DC-443A-9AE7-36EA1785254A}.Debug|x64.Build.0 = Debug|x64
		{71D84DF6-B0DC-443A-9AE7-36EA1785254A}.Debug|x64.Deploy.0 = Debug|x64
		{71D84DF6-B0DC-443A-9AE7-36EA1785254A}.Debug|x86.ActiveCfg = Debug|x86
		{71D84DF6-B0DC-443A-9AE7-36EA1785254A}.Debug|x86.Build.0 = Debug|x86
		{71D84DF6-B0DC-443A-9AE7-36EA1785254A}.Debug|x86.Deploy.0 = Debug|x86
		{71D84DF6-B0DC-443A-9AE7-36EA1785254A}.Release|Any CPU.ActiveCfg = Release|x64
		{71D84DF6-B0DC-443A-9AE7-36EA1785254A}.Release|Any CPU.Build.0 = Release|x64
		{71D84DF6-B0DC-443A-9AE7-36EA1785254A}.Release|Any CPU.Deploy.0 = Release|x64
		{71D84DF6-B0DC-443A-9AE7-36EA1785254A}.Release|ARM.ActiveCfg = Release|ARM
		{71D84DF6-B0DC-443A-9AE7-36EA1785254A}.Release|ARM.Build.0 = Release|ARM
		{71D84DF6-B0DC-443A-9AE7-36EA1785254A}.Release|ARM.Deploy.0 = Release|ARM
		{71D84DF6-B0DC-443A-9AE7-36EA1785254A}.Release|ARM64.ActiveCfg = Release|x64
		{71D84DF6-B0DC-443A-9AE7-36EA1785254A}.Release|ARM64.Build.0 = Release|x64
		{71D84DF6-B0DC-443A-9AE7-36EA1785254A}.Release|ARM64.Deploy.0 = Release|x64
		{71D84DF6-B0DC-443A-9AE7-36EA1785254A}.Release|x64.ActiveCfg = Release|x64
		{71D84DF6-B0DC-443A-9AE7-36EA1785254A}.Release|x64.Build.0 = Release|x64
		{71D84DF6-B0DC-443A-9AE7-36EA1785254A}.Release|x64.Deploy.0 = Release|x64
		{71D84DF6-B0DC-443A-9AE7-36EA1785254A}.Release|x86.ActiveCfg = Release|x86
		{71D84DF6-B0DC-443A-9AE7-36EA1785254A}.Release|x86.Build.0 = Release|x86
		{71D84DF6-B0DC-443A-9AE7-36EA1785254A}.Release|x86.Deploy.0 = Release|x86
		{B25F73D5-0907-481C-B82E-CDDC4EBF888F}.Debug|Any CPU.ActiveCfg = Debug|x64
		{B25F73D5-0907-481C-B82E-CDDC4EBF888F}.Debug|Any CPU.Build.0 = Debug|x64
		{B25F73D5-0907-481C-B82E-CDDC4EBF888F}.Debug|Any CPU.Deploy.0 = Debug|x64
		{B25F73D5-0907-481C-B82E-CDDC4EBF888F}.Debug|ARM.ActiveCfg = Debug|ARM
		{B25F73D5-0907-481C-B82E-CDDC4EBF888F}.Debug|ARM.Build.0 = Debug|ARM
		{B25F73D5-0907-481C-B82E-CDDC4EBF888F}.Debug|ARM.Deploy.0 = Debug|ARM
		{B25F73D5-0907-481C-B82E-CDDC4EBF888F}.Debug|ARM64.ActiveCfg = Debug|x64
		{B25F73D5-0907-481C-B82E-CDDC4EBF888F}.Debug|ARM64.Build.0 = Debug|x64
		{B25F73D5-0907-481C-B82E-CDDC4EBF888F}.Debug|ARM64.Deploy.0 = Debug|x64
		{B25F73D5-0907-481C-B82E-CDDC4EBF888F}.Debug|x64.ActiveCfg = Debug|x64
		{B25F73D5-0907-481C-B82E-CDDC4EBF888F}.Debug|x64.Build.0 = Debug|x64
		{B25F73D5-0907-481C-B82E-CDDC4EBF888F}.Debug|x64.Deploy.0 = Debug|x64
		{B25F73D5-0907-481C-B82E-CDDC4EBF888F}.Debug|x86.ActiveCfg = Debug|x86
		{B25F73D5-0907-481C-B82E-CDDC4EBF888F}.Debug|x86.Build.0 = Debug|x86
		{B25F73D5-0907-481C-B82E-CDDC4EBF888F}.Debug|x86.Deploy.0 = Debug|x86
		{B25F73D5-0907-481C-B82E-CDDC4EBF888F}.Release|Any CPU.ActiveCfg = Release|x64
		{B25F73D5-0907-481C-B82E-CDDC4EBF888F}.Release|Any CPU.Build.0 = Release|x64
		{B25F73D5-0907-481C-B82E-CDDC4EBF888F}.Release|Any CPU.Deploy.0 = Release|x64
		{B25F73D5-0907-481C-B82E-CDDC4EBF888F}.Release|ARM.ActiveCfg = Release|ARM
		{B25F73D5-0907-481C-B82E-CDDC4EBF888F}.Release|ARM.Build.0 = Release|ARM
		{B25F73D5-0907-481C-B82E-CDDC4EBF888F}.Release|ARM.Deploy.0 = Release|ARM
		{B25F73D5-0907-481C-B82E-CDDC4EBF888F}.Release|ARM64.ActiveCfg = Release|x64
		{B25F73D5-0907-481C-B82E-CDDC4EBF888F}.Release|ARM64.Build.0 = Release|x64
		{B25F73D5-0907-481C-B82E-CDDC4EBF888F}.Release|ARM64.Deploy.0 = Release|x64
		{B25F73D5-0907-481C-B82E-CDDC4EBF888F}.Release|x64.ActiveCfg = Release|x64
		{B25F73D5-0907-481C-B82E-CDDC4EBF888F}.Release|x64.Build.0 = Release|x64
		{B25F73D5-0907-481C-B82E-CDDC4EBF888F}.Release|x64.Deploy.0 = Release|x64
		{B25F73D5-0907-481C-B82E-CDDC4EBF888F}.Release|x86.ActiveCfg = Release|x86
		{B25F73D5-0907-481C-B82E-CDDC4EBF888F}.Release|x86.Build.0 = Release|x86
		{B25F73D5-0907-481C-B82E-CDDC4EBF888F}.Release|x86.Deploy.0 = Release|x86
		{31A7046D-FE00-44B9-B3D6-976B08814B50}.Debug|Any CPU.ActiveCfg = Debug|x64
		{31A7046D-FE00-44B9-B3D6-976B08814B50}.Debug|Any CPU.Build.0 = Debug|x64
		{31A7046D-FE00-44B9-B3D6-976B08814B50}.Debug|Any CPU.Deploy.0 = Debug|x64
		{31A7046D-FE00-44B9-B3D6-976B08814B50}.Debug|ARM.ActiveCfg = Debug|ARM
		{31A7046D-FE00-44B9-B3D6-976B08814B50}.Debug|ARM.Build.0 = Debug|ARM
		{31A7046D-FE00-44B9-B3D6-976B08814B50}.Debug|ARM.Deploy.0 = Debug|ARM
		{31A7046D-FE00-44B9-B3D6-976B08814B50}.Debug|ARM64.ActiveCfg = Debug|x64
		{31A7046D-FE00-44B9-B3D6-976B08814B50}.Debug|ARM64.Build.0 = Debug|x64
		{31A7046D-FE00-44B9-B3D6-976B08814B50}.Debug|ARM64.Deploy.0 = Debug|x64
		{31A7046D-FE00-44B9-B3D6-976B08814B50}.Debug|x64.ActiveCfg = Debug|x64
		{31A7046D-FE00-44B9-B3D6-976B08814B50}.Debug|x64.Build.0 = Debug|x64
		{31A7046D-FE00-44B9-B3D6-976B08814B50}.Debug|x64.Deploy.0 = Debug|x64
		{31A7046D-FE00-44B9-B3D6-976B08814B50}.Debug|x86.ActiveCfg = Debug|x86
		{31A7046D-FE00-44B9-B3D6-976B08814B50}.Debug|x86.Build.0 = Debug|x86
		{31A7046D-FE00-44B9-B3D6-976B08814B50}.Debug|x86.Deploy.0 = Debug|x86
		{31A7046D-FE00-44B9-B3D6-976B08814B50}.Release|Any CPU.ActiveCfg = Release|x64
		{31A7046D-FE00-44B9-B3D6-976B08814B50}.Release|Any CPU.Build.0 = Release|x64
		{31A7046D-FE00-44B9-B3D6-976B08814B50}.Release|Any CPU.Deploy.0 = Release|x64
		{31A7046D-FE00-44B9-B3D6-976B08814B50}.Release|ARM.ActiveCfg = Release|ARM
		{31A7046D-FE00-44B9-B3D6-976B08814B50}.Release|ARM.Build.0 = Release|ARM
		{31A7046D-FE00-44B9-B3D6-976B08814B50}.Release|ARM.Deploy.0 = Release|ARM
		{31A7046D-FE00-44B9-B3D6-976B08814B50}.Release|ARM64.ActiveCfg = Release|x64
		{31A7046D-FE00-44B9-B3D6-976B08814B50}.Release|ARM64.Build.0 = Release|x64
		{31A7046D-FE00-44B9-B3D6-976B08814B50}.Release|ARM64.Deploy.0 = Release|x64
		{31A7046D-FE00-44B9-B3D6-976B08814B50}.Release|x64.ActiveCfg = Release|x64
		{31A7046D-FE00-44B9-B3D6-976B08814B50}.Release|x64.Build.0 = Release|x64
		{31A7046D-FE00-44B9-B3D6-976B08814B50}.Release|x64.Deploy.0 = Release|x64
		{31A7046D-FE00-44B9-B3D6-976B08814B50}.Release|x86.ActiveCfg = Release|x86
		{31A7046D-FE00-44B9-B3D6-976B08814B50}.Release|x86.Build.0 = Release|x86
		{31A7046D-FE00-44B9-B3D6-976B08814B50}.Release|x86.Deploy.0 = Release|x86
		{AD02CF97-017C-4B4D-B639-20C87BB88377}.Debug|Any CPU.ActiveCfg = Debug|x64
		{AD02CF97-017C-4B4D-B639-20C87BB88377}.Debug|Any CPU.Build.0 = Debug|x64
		{AD02CF97-017C-4B4D-B639-20C87BB88377}.Debug|Any CPU.Deploy.0 = Debug|x64
		{AD02CF97-017C-4B4D-B639-20C87BB88377}.Debug|ARM.ActiveCfg = Debug|ARM
		{AD02CF97-017C-4B4D-B639-20C87BB88377}.Debug|ARM.Build.0 = Debug|ARM
		{AD02CF97-017C-4B4D-B639-20C87BB88377}.Debug|ARM.Deploy.0 = Debug|ARM
		{AD02CF97-017C-4B4D-B639-20C87BB88377}.Debug|ARM64.ActiveCfg = Debug|x64
		{AD02CF97-017C-4B4D-B639-20C87BB88377}.Debug|ARM64.Build.0 = Debug|x64
		{AD02CF97-017C-4B4D-B639-20C87BB88377}.Debug|ARM64.Deploy.0 = Debug|x64
		{AD02CF97-017C-4B4D-B639-20C87BB88377}.Debug|x64.ActiveCfg = Debug|x64
		{AD02CF97-017C-4B4D-B639-20C87BB88377}.Debug|x64.Build.0 = Debug|x64
		{AD02CF97-017C-4B4D-B639-20C87BB88377}.Debug|x64.Deploy.0 = Debug|x64
		{AD02CF97-017C-4B4D-B639-20C87BB88377}.Debug|x86.ActiveCfg = Debug|x86
		{AD02CF97-017C-4B4D-B639-20C87BB88377}.Debug|x86.Build.0 = Debug|x86
		{AD02CF97-017C-4B4D-B639-20C87BB88377}.Debug|x86.Deploy.0 = Debug|x86
		{AD02CF97-017C-4B4D-B639-20C87BB88377}.Release|Any CPU.ActiveCfg = Release|x64
		{AD02CF97-017C-4B4D-B639-20C87BB88377}.Release|Any CPU.Build.0 = Release|x64
		{AD02CF97-017C-4B4D-B639-20C87BB88377}.Release|Any CPU.Deploy.0 = Release|x64
		{AD02CF97-017C-4B4D-B639-20C87BB88377}.Release|ARM.ActiveCfg = Release|ARM
		{AD02CF97-017C-4B4D-B639-20C87BB88377}.Release|ARM.Build.0 = Release|ARM
		{AD02CF97-017C-4B4D-B639-20C87BB88377}.Release|ARM.Deploy.0 = Release|ARM
		{AD02CF97-017C-4B4D-B639-20C87BB88377}.Release|ARM64.ActiveCfg = Release|x64
		{AD02CF97-017C-4B4D-B639-20C87BB88377}.Release|ARM64.Build.0 = Release|x64
		{AD02CF97-017C-4B4D-B639-20C87BB88377}.Release|ARM64.Deploy.0 = Release|x64
		{AD02CF97-017C-4B4D-B639-20C87BB88377}.Release|x64.ActiveCfg = Release|x64
		{AD02CF97-017C-4B4D-B639-20C87BB88377}.Release|x64.Build.0 = Release|x64
		{AD02CF97-017C-4B4D-B639-20C87BB88377}.Release|x64.Deploy.0 = Release|x64
		{AD02CF97-017C-4B4D-B639-20C87BB88377}.Release|x86.ActiveCfg = Release|x86
		{AD02CF97-017C-4B4D-B639-20C87BB88377}.Release|x86.Build.0 = Release|x86
		{AD02CF97-017C-4B4D-B639-20C87BB88377}.Release|x86.Deploy.0 = Release|x86
	EndGlobalSection
	GlobalSection(SolutionProperties) = preSolution
		HideSolutionNode = FALSE
	EndGlobalSection
	GlobalSection(ExtensibilityGlobals) = postSolution
		SolutionGuid = {AB70CAF3-9ECF-4AE9-820C-D4DB810A0A8A}
	EndGlobalSection
EndGlobal
