
Microsoft Visual Studio Solution File, Format Version 12.00
# Visual Studio Version 17
VisualStudioVersion = 17.7.33808.371
MinimumVisualStudioVersion = 10.0.40219.1
Project("{FAE04EC0-301F-11D3-BF4B-00C04F79EFBC}") = "JumpAndGrav", "Q21-JumpAndGrav\JumpAndGrav.csproj", "{248DF199-70CC-4321-BA6E-050F2A5BDA90}"
EndProject
Project("{FAE04EC0-301F-11D3-BF4B-00C04F79EFBC}") = "MonoGame.Framework.WindowsUAP", "MonoGame\MonoGame.Framework\MonoGame.Framework.WindowsUAP.csproj", "{09C41A48-7BF3-4A46-9EB8-CE95B4C27CA9}"
EndProject
Project("{FAE04EC0-301F-11D3-BF4B-00C04F79EFBC}") = "Button", "Q01-Button\Button.csproj", "{16B09E6F-730C-40DA-B153-128C3E30DB64}"
EndProject
Global
	GlobalSection(SolutionConfigurationPlatforms) = preSolution
		Debug|Any CPU = Debug|Any CPU
		Debug|ARM = Debug|ARM
		Debug|x64 = Debug|x64
		Debug|x86 = Debug|x86
		Release|Any CPU = Release|Any CPU
		Release|ARM = Release|ARM
		Release|x64 = Release|x64
		Release|x86 = Release|x86
	EndGlobalSection
	GlobalSection(ProjectConfigurationPlatforms) = postSolution
		{248DF199-70CC-4321-BA6E-050F2A5BDA90}.Debug|Any CPU.ActiveCfg = Debug|x64
		{248DF199-70CC-4321-BA6E-050F2A5BDA90}.Debug|Any CPU.Build.0 = Debug|x64
		{248DF199-70CC-4321-BA6E-050F2A5BDA90}.Debug|Any CPU.Deploy.0 = Debug|x64
		{248DF199-70CC-4321-BA6E-050F2A5BDA90}.Debug|ARM.ActiveCfg = Debug|ARM
		{248DF199-70CC-4321-BA6E-050F2A5BDA90}.Debug|ARM.Build.0 = Debug|ARM
		{248DF199-70CC-4321-BA6E-050F2A5BDA90}.Debug|ARM.Deploy.0 = Debug|ARM
		{248DF199-70CC-4321-BA6E-050F2A5BDA90}.Debug|x64.ActiveCfg = Debug|x64
		{248DF199-70CC-4321-BA6E-050F2A5BDA90}.Debug|x64.Build.0 = Debug|x64
		{248DF199-70CC-4321-BA6E-050F2A5BDA90}.Debug|x64.Deploy.0 = Debug|x64
		{248DF199-70CC-4321-BA6E-050F2A5BDA90}.Debug|x86.ActiveCfg = Debug|x86
		{248DF199-70CC-4321-BA6E-050F2A5BDA90}.Debug|x86.Build.0 = Debug|x86
		{248DF199-70CC-4321-BA6E-050F2A5BDA90}.Debug|x86.Deploy.0 = Debug|x86
		{248DF199-70CC-4321-BA6E-050F2A5BDA90}.Release|Any CPU.ActiveCfg = Release|x64
		{248DF199-70CC-4321-BA6E-050F2A5BDA90}.Release|Any CPU.Build.0 = Release|x64
		{248DF199-70CC-4321-BA6E-050F2A5BDA90}.Release|Any CPU.Deploy.0 = Release|x64
		{248DF199-70CC-4321-BA6E-050F2A5BDA90}.Release|ARM.ActiveCfg = Release|ARM
		{248DF199-70CC-4321-BA6E-050F2A5BDA90}.Release|ARM.Build.0 = Release|ARM
		{248DF199-70CC-4321-BA6E-050F2A5BDA90}.Release|ARM.Deploy.0 = Release|ARM
		{248DF199-70CC-4321-BA6E-050F2A5BDA90}.Release|x64.ActiveCfg = Release|x64
		{248DF199-70CC-4321-BA6E-050F2A5BDA90}.Release|x64.Build.0 = Release|x64
		{248DF199-70CC-4321-BA6E-050F2A5BDA90}.Release|x64.Deploy.0 = Release|x64
		{248DF199-70CC-4321-BA6E-050F2A5BDA90}.Release|x86.ActiveCfg = Release|x86
		{248DF199-70CC-4321-BA6E-050F2A5BDA90}.Release|x86.Build.0 = Release|x86
		{248DF199-70CC-4321-BA6E-050F2A5BDA90}.Release|x86.Deploy.0 = Release|x86
		{09C41A48-7BF3-4A46-9EB8-CE95B4C27CA9}.Debug|Any CPU.ActiveCfg = Debug|Any CPU
		{09C41A48-7BF3-4A46-9EB8-CE95B4C27CA9}.Debug|Any CPU.Build.0 = Debug|Any CPU
		{09C41A48-7BF3-4A46-9EB8-CE95B4C27CA9}.Debug|ARM.ActiveCfg = Debug|Any CPU
		{09C41A48-7BF3-4A46-9EB8-CE95B4C27CA9}.Debug|ARM.Build.0 = Debug|Any CPU
		{09C41A48-7BF3-4A46-9EB8-CE95B4C27CA9}.Debug|x64.ActiveCfg = Debug|Any CPU
		{09C41A48-7BF3-4A46-9EB8-CE95B4C27CA9}.Debug|x64.Build.0 = Debug|Any CPU
		{09C41A48-7BF3-4A46-9EB8-CE95B4C27CA9}.Debug|x86.ActiveCfg = Debug|Any CPU
		{09C41A48-7BF3-4A46-9EB8-CE95B4C27CA9}.Debug|x86.Build.0 = Debug|Any CPU
		{09C41A48-7BF3-4A46-9EB8-CE95B4C27CA9}.Release|Any CPU.ActiveCfg = Release|Any CPU
		{09C41A48-7BF3-4A46-9EB8-CE95B4C27CA9}.Release|Any CPU.Build.0 = Release|Any CPU
		{09C41A48-7BF3-4A46-9EB8-CE95B4C27CA9}.Release|ARM.ActiveCfg = Release|Any CPU
		{09C41A48-7BF3-4A46-9EB8-CE95B4C27CA9}.Release|ARM.Build.0 = Release|Any CPU
		{09C41A48-7BF3-4A46-9EB8-CE95B4C27CA9}.Release|x64.ActiveCfg = Release|Any CPU
		{09C41A48-7BF3-4A46-9EB8-CE95B4C27CA9}.Release|x64.Build.0 = Release|Any CPU
		{09C41A48-7BF3-4A46-9EB8-CE95B4C27CA9}.Release|x86.ActiveCfg = Release|Any CPU
		{09C41A48-7BF3-4A46-9EB8-CE95B4C27CA9}.Release|x86.Build.0 = Release|Any CPU
		{16B09E6F-730C-40DA-B153-128C3E30DB64}.Debug|Any CPU.ActiveCfg = Debug|x64
		{16B09E6F-730C-40DA-B153-128C3E30DB64}.Debug|Any CPU.Build.0 = Debug|x64
		{16B09E6F-730C-40DA-B153-128C3E30DB64}.Debug|Any CPU.Deploy.0 = Debug|x64
		{16B09E6F-730C-40DA-B153-128C3E30DB64}.Debug|ARM.ActiveCfg = Debug|ARM
		{16B09E6F-730C-40DA-B153-128C3E30DB64}.Debug|ARM.Build.0 = Debug|ARM
		{16B09E6F-730C-40DA-B153-128C3E30DB64}.Debug|ARM.Deploy.0 = Debug|ARM
		{16B09E6F-730C-40DA-B153-128C3E30DB64}.Debug|x64.ActiveCfg = Debug|x64
		{16B09E6F-730C-40DA-B153-128C3E30DB64}.Debug|x64.Build.0 = Debug|x64
		{16B09E6F-730C-40DA-B153-128C3E30DB64}.Debug|x64.Deploy.0 = Debug|x64
		{16B09E6F-730C-40DA-B153-128C3E30DB64}.Debug|x86.ActiveCfg = Debug|x86
		{16B09E6F-730C-40DA-B153-128C3E30DB64}.Debug|x86.Build.0 = Debug|x86
		{16B09E6F-730C-40DA-B153-128C3E30DB64}.Debug|x86.Deploy.0 = Debug|x86
		{16B09E6F-730C-40DA-B153-128C3E30DB64}.Release|Any CPU.ActiveCfg = Release|x64
		{16B09E6F-730C-40DA-B153-128C3E30DB64}.Release|Any CPU.Build.0 = Release|x64
		{16B09E6F-730C-40DA-B153-128C3E30DB64}.Release|Any CPU.Deploy.0 = Release|x64
		{16B09E6F-730C-40DA-B153-128C3E30DB64}.Release|ARM.ActiveCfg = Release|ARM
		{16B09E6F-730C-40DA-B153-128C3E30DB64}.Release|ARM.Build.0 = Release|ARM
		{16B09E6F-730C-40DA-B153-128C3E30DB64}.Release|ARM.Deploy.0 = Release|ARM
		{16B09E6F-730C-40DA-B153-128C3E30DB64}.Release|x64.ActiveCfg = Release|x64
		{16B09E6F-730C-40DA-B153-128C3E30DB64}.Release|x64.Build.0 = Release|x64
		{16B09E6F-730C-40DA-B153-128C3E30DB64}.Release|x64.Deploy.0 = Release|x64
		{16B09E6F-730C-40DA-B153-128C3E30DB64}.Release|x86.ActiveCfg = Release|x86
		{16B09E6F-730C-40DA-B153-128C3E30DB64}.Release|x86.Build.0 = Release|x86
		{16B09E6F-730C-40DA-B153-128C3E30DB64}.Release|x86.Deploy.0 = Release|x86
	EndGlobalSection
	GlobalSection(SolutionProperties) = preSolution
		HideSolutionNode = FALSE
	EndGlobalSection
	GlobalSection(ExtensibilityGlobals) = postSolution
		SolutionGuid = {AB70CAF3-9ECF-4AE9-820C-D4DB810A0A8A}
	EndGlobalSection
EndGlobal
